// !$*UTF8*$!
{
	archiveVersion = 1;
	classes = {
	};
	objectVersion = 51;
	objects = {

/* Begin PBXBuildFile section */
		18156D0E26A361CC006B8FE5 /* FilterSheetViewController.swift in Sources */ = {isa = PBXBuildFile; fileRef = 18156D0C26A361CC006B8FE5 /* FilterSheetViewController.swift */; };
		18156D0F26A361CC006B8FE5 /* FilterSheetViewController.xib in Resources */ = {isa = PBXBuildFile; fileRef = 18156D0D26A361CC006B8FE5 /* FilterSheetViewController.xib */; };
		18156D3526A38CE1006B8FE5 /* PresentationController.swift in Sources */ = {isa = PBXBuildFile; fileRef = 18156D3426A38CE1006B8FE5 /* PresentationController.swift */; };
		18156D3B26A43240006B8FE5 /* Settings.storyboard in Resources */ = {isa = PBXBuildFile; fileRef = 18156D3A26A43240006B8FE5 /* Settings.storyboard */; };
		18156D3D26A43250006B8FE5 /* SettingsViewController.swift in Sources */ = {isa = PBXBuildFile; fileRef = 18156D3C26A43250006B8FE5 /* SettingsViewController.swift */; };
		18156D4126A4D8F7006B8FE5 /* SettingsViewModel.swift in Sources */ = {isa = PBXBuildFile; fileRef = 18156D4026A4D8F7006B8FE5 /* SettingsViewModel.swift */; };
		18156D4326A4D925006B8FE5 /* SettingCellViewModel.swift in Sources */ = {isa = PBXBuildFile; fileRef = 18156D4226A4D925006B8FE5 /* SettingCellViewModel.swift */; };
		18156D4626A4DD3E006B8FE5 /* SettingViewCell.swift in Sources */ = {isa = PBXBuildFile; fileRef = 18156D4426A4DD3E006B8FE5 /* SettingViewCell.swift */; };
		18156D4726A4DD3E006B8FE5 /* SettingViewCell.xib in Resources */ = {isa = PBXBuildFile; fileRef = 18156D4526A4DD3E006B8FE5 /* SettingViewCell.xib */; };
		18156D4F26A5D9B7006B8FE5 /* WalletViewController.swift in Sources */ = {isa = PBXBuildFile; fileRef = 18156D4D26A5D9B7006B8FE5 /* WalletViewController.swift */; };
		18156D5026A5D9B7006B8FE5 /* WalletViewController.xib in Resources */ = {isa = PBXBuildFile; fileRef = 18156D4E26A5D9B7006B8FE5 /* WalletViewController.xib */; };
		181742ED2698636B002B9FD7 /* PersonalDataViewController.swift in Sources */ = {isa = PBXBuildFile; fileRef = 181742EB2698636B002B9FD7 /* PersonalDataViewController.swift */; };
		181742F52699B601002B9FD7 /* HapticHelper.swift in Sources */ = {isa = PBXBuildFile; fileRef = 181742F42699B601002B9FD7 /* HapticHelper.swift */; };
		181742F72699B7E7002B9FD7 /* AuthViewController.swift in Sources */ = {isa = PBXBuildFile; fileRef = 181742F62699B7E7002B9FD7 /* AuthViewController.swift */; };
		181742F9269B0705002B9FD7 /* ColorHelper.swift in Sources */ = {isa = PBXBuildFile; fileRef = 181742F8269B0705002B9FD7 /* ColorHelper.swift */; };
		181C9A0F26AEFA3400A60105 /* HomeHeader.xib in Resources */ = {isa = PBXBuildFile; fileRef = 181C9A0E26AEFA3400A60105 /* HomeHeader.xib */; };
		181C9A1126AEFA5F00A60105 /* HomeHeader.swift in Sources */ = {isa = PBXBuildFile; fileRef = 181C9A1026AEFA5F00A60105 /* HomeHeader.swift */; };
		182342C0269DFC5500CD2907 /* ExchangeViewController.swift in Sources */ = {isa = PBXBuildFile; fileRef = 182342BE269DFC5500CD2907 /* ExchangeViewController.swift */; };
		182342C1269DFC5500CD2907 /* ExchangeViewController.xib in Resources */ = {isa = PBXBuildFile; fileRef = 182342BF269DFC5500CD2907 /* ExchangeViewController.xib */; };
		182342C4269DFC6300CD2907 /* DropShopViewController.swift in Sources */ = {isa = PBXBuildFile; fileRef = 182342C2269DFC6300CD2907 /* DropShopViewController.swift */; };
		182342C5269DFC6300CD2907 /* DropShopViewController.xib in Resources */ = {isa = PBXBuildFile; fileRef = 182342C3269DFC6300CD2907 /* DropShopViewController.xib */; };
		182342CA269E410D00CD2907 /* NftDropViewCell.xib in Resources */ = {isa = PBXBuildFile; fileRef = 182342C8269E410D00CD2907 /* NftDropViewCell.xib */; };
		182342CC269E41F300CD2907 /* DropShopViewModel.swift in Sources */ = {isa = PBXBuildFile; fileRef = 182342CB269E41F300CD2907 /* DropShopViewModel.swift */; };
		182342CE269E469700CD2907 /* NftDropViewCell.swift in Sources */ = {isa = PBXBuildFile; fileRef = 182342CD269E469700CD2907 /* NftDropViewCell.swift */; };
		182342D0269E485200CD2907 /* ClothesViewModel.swift in Sources */ = {isa = PBXBuildFile; fileRef = 182342CF269E485200CD2907 /* ClothesViewModel.swift */; };
		182342D326A0493600CD2907 /* DetailNftViewController.swift in Sources */ = {isa = PBXBuildFile; fileRef = 182342D126A0493600CD2907 /* DetailNftViewController.swift */; };
		182342D426A0493600CD2907 /* DetailNftViewController.xib in Resources */ = {isa = PBXBuildFile; fileRef = 182342D226A0493600CD2907 /* DetailNftViewController.xib */; };
		182342D726A081EF00CD2907 /* UICustomView.swift in Sources */ = {isa = PBXBuildFile; fileRef = 182342D626A081EF00CD2907 /* UICustomView.swift */; };
		182342DB26A1E67F00CD2907 /* NftExchangeViewCell.swift in Sources */ = {isa = PBXBuildFile; fileRef = 182342D926A1E67F00CD2907 /* NftExchangeViewCell.swift */; };
		182342DC26A1E67F00CD2907 /* NftExchangeViewCell.xib in Resources */ = {isa = PBXBuildFile; fileRef = 182342DA26A1E67F00CD2907 /* NftExchangeViewCell.xib */; };
		182342DE26A1EA8E00CD2907 /* NftCellViewModel.swift in Sources */ = {isa = PBXBuildFile; fileRef = 182342DD26A1EA8E00CD2907 /* NftCellViewModel.swift */; };
		182342E026A1EB9100CD2907 /* ExchangeViewModel.swift in Sources */ = {isa = PBXBuildFile; fileRef = 182342DF26A1EB9100CD2907 /* ExchangeViewModel.swift */; };
		182342E426A2370900CD2907 /* MoreOffersViewController.swift in Sources */ = {isa = PBXBuildFile; fileRef = 182342E226A2370900CD2907 /* MoreOffersViewController.swift */; };
		182342E526A2370900CD2907 /* MoreOffersViewController.xib in Resources */ = {isa = PBXBuildFile; fileRef = 182342E326A2370900CD2907 /* MoreOffersViewController.xib */; };
		182342E826A2D21400CD2907 /* OfferPriceViewCell.swift in Sources */ = {isa = PBXBuildFile; fileRef = 182342E626A2D21400CD2907 /* OfferPriceViewCell.swift */; };
		182342E926A2D21400CD2907 /* OfferPriceViewCell.xib in Resources */ = {isa = PBXBuildFile; fileRef = 182342E726A2D21400CD2907 /* OfferPriceViewCell.xib */; };
		182342EF26A2EB5E00CD2907 /* TradingHistoryViewController.swift in Sources */ = {isa = PBXBuildFile; fileRef = 182342ED26A2EB5E00CD2907 /* TradingHistoryViewController.swift */; };
		182342F026A2EB5E00CD2907 /* TradingHistoryViewController.xib in Resources */ = {isa = PBXBuildFile; fileRef = 182342EE26A2EB5E00CD2907 /* TradingHistoryViewController.xib */; };
		182342F326A2ECF700CD2907 /* HistoryViewCell.swift in Sources */ = {isa = PBXBuildFile; fileRef = 182342F126A2ECF700CD2907 /* HistoryViewCell.swift */; };
		182342F426A2ECF700CD2907 /* HistoryViewCell.xib in Resources */ = {isa = PBXBuildFile; fileRef = 182342F226A2ECF700CD2907 /* HistoryViewCell.xib */; };
		182342F626A2F10E00CD2907 /* HistoryCellViewModel.swift in Sources */ = {isa = PBXBuildFile; fileRef = 182342F526A2F10E00CD2907 /* HistoryCellViewModel.swift */; };
		182342F826A2F40500CD2907 /* TradingHistoryViewModel.swift in Sources */ = {isa = PBXBuildFile; fileRef = 182342F726A2F40500CD2907 /* TradingHistoryViewModel.swift */; };
		18523F89269CE7DB00611362 /* TabBarViewController.swift in Sources */ = {isa = PBXBuildFile; fileRef = 18523F88269CE7DB00611362 /* TabBarViewController.swift */; };
		18523F90269CEAA000611362 /* ShopViewController.swift in Sources */ = {isa = PBXBuildFile; fileRef = 18523F8F269CEAA000611362 /* ShopViewController.swift */; };
		18523F92269CEB4E00611362 /* Shop.storyboard in Resources */ = {isa = PBXBuildFile; fileRef = 18523F91269CEB4E00611362 /* Shop.storyboard */; };
		18523F94269CED1100611362 /* TabBar.storyboard in Resources */ = {isa = PBXBuildFile; fileRef = 18523F93269CED1100611362 /* TabBar.storyboard */; };
		186E5FE526B33ECF008291AC /* NftProfileViewCell.swift in Sources */ = {isa = PBXBuildFile; fileRef = 186E5FE326B33ECF008291AC /* NftProfileViewCell.swift */; };
		186E5FE626B33ECF008291AC /* NftProfileViewCell.xib in Resources */ = {isa = PBXBuildFile; fileRef = 186E5FE426B33ECF008291AC /* NftProfileViewCell.xib */; };
		186E5FF326B6A3E2008291AC /* WithdrawViewController.swift in Sources */ = {isa = PBXBuildFile; fileRef = 186E5FF126B6A3E2008291AC /* WithdrawViewController.swift */; };
		186E5FF426B6A3E2008291AC /* WithdrawViewController.xib in Resources */ = {isa = PBXBuildFile; fileRef = 186E5FF226B6A3E2008291AC /* WithdrawViewController.xib */; };
		186E5FF726B6A3FD008291AC /* AddFundsViewController.swift in Sources */ = {isa = PBXBuildFile; fileRef = 186E5FF526B6A3FD008291AC /* AddFundsViewController.swift */; };
		186E5FF826B6A3FD008291AC /* AddFundsViewController.xib in Resources */ = {isa = PBXBuildFile; fileRef = 186E5FF626B6A3FD008291AC /* AddFundsViewController.xib */; };
		186E5FFA26B6A413008291AC /* AddFundsViewModel.swift in Sources */ = {isa = PBXBuildFile; fileRef = 186E5FF926B6A413008291AC /* AddFundsViewModel.swift */; };
		186E5FFC26B6A420008291AC /* WithdrawViewModel.swift in Sources */ = {isa = PBXBuildFile; fileRef = 186E5FFB26B6A420008291AC /* WithdrawViewModel.swift */; };
		186E600926B6DFCA008291AC /* HistoryTransactionsViewController.swift in Sources */ = {isa = PBXBuildFile; fileRef = 186E600726B6DFCA008291AC /* HistoryTransactionsViewController.swift */; };
		186E600A26B6DFCA008291AC /* HistoryTransactionsViewController.xib in Resources */ = {isa = PBXBuildFile; fileRef = 186E600826B6DFCA008291AC /* HistoryTransactionsViewController.xib */; };
		186E600D26B6DFE3008291AC /* CollectionNftViewController.swift in Sources */ = {isa = PBXBuildFile; fileRef = 186E600B26B6DFE3008291AC /* CollectionNftViewController.swift */; };
		186E600E26B6DFE3008291AC /* CollectionNftViewController.xib in Resources */ = {isa = PBXBuildFile; fileRef = 186E600C26B6DFE3008291AC /* CollectionNftViewController.xib */; };
		186E601126B6E27E008291AC /* TransactionViewCell.swift in Sources */ = {isa = PBXBuildFile; fileRef = 186E600F26B6E27E008291AC /* TransactionViewCell.swift */; };
		186E601226B6E27E008291AC /* TransactionViewCell.xib in Resources */ = {isa = PBXBuildFile; fileRef = 186E601026B6E27E008291AC /* TransactionViewCell.xib */; };
		186E601926B6E695008291AC /* DetailTransactionViewController.swift in Sources */ = {isa = PBXBuildFile; fileRef = 186E601726B6E695008291AC /* DetailTransactionViewController.swift */; };
		186E601A26B6E695008291AC /* DetailTransactionViewController.xib in Resources */ = {isa = PBXBuildFile; fileRef = 186E601826B6E695008291AC /* DetailTransactionViewController.xib */; };
		186E601C26B6F178008291AC /* TransactionCellViewModel.swift in Sources */ = {isa = PBXBuildFile; fileRef = 186E601B26B6F178008291AC /* TransactionCellViewModel.swift */; };
		186E602226B88F25008291AC /* SearchViewController.swift in Sources */ = {isa = PBXBuildFile; fileRef = 186E602026B88F25008291AC /* SearchViewController.swift */; };
		186E602326B88F25008291AC /* SearchViewController.xib in Resources */ = {isa = PBXBuildFile; fileRef = 186E602126B88F25008291AC /* SearchViewController.xib */; };
		186E602A26B98C38008291AC /* FollowsViewController.swift in Sources */ = {isa = PBXBuildFile; fileRef = 186E602826B98C38008291AC /* FollowsViewController.swift */; };
		186E602B26B98C38008291AC /* FollowsViewController.xib in Resources */ = {isa = PBXBuildFile; fileRef = 186E602926B98C38008291AC /* FollowsViewController.xib */; };
		186E602E26B98EE7008291AC /* FollowsViewCell.swift in Sources */ = {isa = PBXBuildFile; fileRef = 186E602C26B98EE7008291AC /* FollowsViewCell.swift */; };
		186E602F26B98EE7008291AC /* FollowsViewCell.xib in Resources */ = {isa = PBXBuildFile; fileRef = 186E602D26B98EE7008291AC /* FollowsViewCell.xib */; };
		1879C55926C9B5C000CE367E /* AuthRepository.swift in Sources */ = {isa = PBXBuildFile; fileRef = 1879C55826C9B5C000CE367E /* AuthRepository.swift */; };
		1879C55B26C9B62A00CE367E /* User.swift in Sources */ = {isa = PBXBuildFile; fileRef = 1879C55A26C9B62A00CE367E /* User.swift */; };
		1879C55E26C9B76200CE367E /* SignupUseCase.swift in Sources */ = {isa = PBXBuildFile; fileRef = 1879C55D26C9B76200CE367E /* SignupUseCase.swift */; };
		1879C56126C9B7EA00CE367E /* AuthRepositoryImpl.swift in Sources */ = {isa = PBXBuildFile; fileRef = 1879C56026C9B7EA00CE367E /* AuthRepositoryImpl.swift */; };
		1879C56626C9C17400CE367E /* AuthEndpoints.swift in Sources */ = {isa = PBXBuildFile; fileRef = 1879C56526C9C17400CE367E /* AuthEndpoints.swift */; };
		1879C56826C9C67100CE367E /* Endpoint.swift in Sources */ = {isa = PBXBuildFile; fileRef = 1879C56726C9C67100CE367E /* Endpoint.swift */; };
		1879C56A26C9C74D00CE367E /* Constants.swift in Sources */ = {isa = PBXBuildFile; fileRef = 1879C56926C9C74D00CE367E /* Constants.swift */; };
		1879C56C26C9C90D00CE367E /* NetworkHelper.swift in Sources */ = {isa = PBXBuildFile; fileRef = 1879C56B26C9C90D00CE367E /* NetworkHelper.swift */; };
		1879C56E26C9C9DF00CE367E /* LoginUseCase.swift in Sources */ = {isa = PBXBuildFile; fileRef = 1879C56D26C9C9DF00CE367E /* LoginUseCase.swift */; };
		1879C57226C9D30900CE367E /* SignupRequestDTO.swift in Sources */ = {isa = PBXBuildFile; fileRef = 1879C57126C9D30900CE367E /* SignupRequestDTO.swift */; };
		1879C57426C9D31B00CE367E /* LoginRequestDTO.swift in Sources */ = {isa = PBXBuildFile; fileRef = 1879C57326C9D31B00CE367E /* LoginRequestDTO.swift */; };
		1879C57626C9D32F00CE367E /* SignupResponseDTO.swift in Sources */ = {isa = PBXBuildFile; fileRef = 1879C57526C9D32F00CE367E /* SignupResponseDTO.swift */; };
		1879C57826C9D34300CE367E /* LoginResponseDTO.swift in Sources */ = {isa = PBXBuildFile; fileRef = 1879C57726C9D34300CE367E /* LoginResponseDTO.swift */; };
		1879C57A26CA79BB00CE367E /* SignupViewModel.swift in Sources */ = {isa = PBXBuildFile; fileRef = 1879C57926CA79BB00CE367E /* SignupViewModel.swift */; };
		18855F3626D52A360018B072 /* Assets.xcassets in Resources */ = {isa = PBXBuildFile; fileRef = 18855F3526D52A360018B072 /* Assets.xcassets */; };
		18B84266266E27A40033AFC0 /* AppDelegate.swift in Sources */ = {isa = PBXBuildFile; fileRef = 18B84265266E27A40033AFC0 /* AppDelegate.swift */; };
		18B8426A266E27A40033AFC0 /* SignUpViewController.swift in Sources */ = {isa = PBXBuildFile; fileRef = 18B84269266E27A40033AFC0 /* SignUpViewController.swift */; };
		18B8426D266E27A40033AFC0 /* Authorization.storyboard in Resources */ = {isa = PBXBuildFile; fileRef = 18B8426B266E27A40033AFC0 /* Authorization.storyboard */; };
		18B84272266E27A50033AFC0 /* LaunchScreen.storyboard in Resources */ = {isa = PBXBuildFile; fileRef = 18B84270266E27A50033AFC0 /* LaunchScreen.storyboard */; };
		18B8428E266F648F0033AFC0 /* Home.storyboard in Resources */ = {isa = PBXBuildFile; fileRef = 18B8428D266F648F0033AFC0 /* Home.storyboard */; };
		18B84290266F64A30033AFC0 /* HomeViewController.swift in Sources */ = {isa = PBXBuildFile; fileRef = 18B8428F266F64A30033AFC0 /* HomeViewController.swift */; };
		18D3FEC9268FAE390030929D /* Extensions.swift in Sources */ = {isa = PBXBuildFile; fileRef = 18D3FEC8268FAE390030929D /* Extensions.swift */; };
		18D3FED02697B8C40030929D /* LoginViewController.swift in Sources */ = {isa = PBXBuildFile; fileRef = 18D3FECF2697B8C40030929D /* LoginViewController.swift */; };
		18D8452426CD5D2500888D32 /* BaseViewModel.swift in Sources */ = {isa = PBXBuildFile; fileRef = 18D8452326CD5D2500888D32 /* BaseViewModel.swift */; };
		18D8452826CD682400888D32 /* ErrorDTO.swift in Sources */ = {isa = PBXBuildFile; fileRef = 18D8452726CD682400888D32 /* ErrorDTO.swift */; };
		18D8452D26CDAEF100888D32 /* UserStorage.swift in Sources */ = {isa = PBXBuildFile; fileRef = 18D8452C26CDAEF100888D32 /* UserStorage.swift */; };
		18D8452F26CDB2BA00888D32 /* LoginViewModel.swift in Sources */ = {isa = PBXBuildFile; fileRef = 18D8452E26CDB2BA00888D32 /* LoginViewModel.swift */; };
		18E1106F26D595EF007FD66E /* Localizable.strings in Resources */ = {isa = PBXBuildFile; fileRef = 18E1107126D595EF007FD66E /* Localizable.strings */; };
		18E39B1326D02D4900FEC003 /* JWT.swift in Sources */ = {isa = PBXBuildFile; fileRef = 18E39B1226D02D4900FEC003 /* JWT.swift */; };
		18E39B1626D0394C00FEC003 /* UserRepositoryImpl.swift in Sources */ = {isa = PBXBuildFile; fileRef = 18E39B1526D0394C00FEC003 /* UserRepositoryImpl.swift */; };
		18E39B1926D039B000FEC003 /* UserRepository.swift in Sources */ = {isa = PBXBuildFile; fileRef = 18E39B1826D039B000FEC003 /* UserRepository.swift */; };
		18E39B1E26D03A3000FEC003 /* UserEndpoints.swift in Sources */ = {isa = PBXBuildFile; fileRef = 18E39B1D26D03A3000FEC003 /* UserEndpoints.swift */; };
		18E39B2026D03AD300FEC003 /* GetUserRequestDTO.swift in Sources */ = {isa = PBXBuildFile; fileRef = 18E39B1F26D03AD300FEC003 /* GetUserRequestDTO.swift */; };
		18E39B2226D03AE600FEC003 /* GetUserResponseDTO.swift in Sources */ = {isa = PBXBuildFile; fileRef = 18E39B2126D03AE600FEC003 /* GetUserResponseDTO.swift */; };
		18E39B2526D03BF200FEC003 /* UserUseCase.swift in Sources */ = {isa = PBXBuildFile; fileRef = 18E39B2426D03BF200FEC003 /* UserUseCase.swift */; };
		18E8F3C726CBCCF100E62E33 /* Observable.swift in Sources */ = {isa = PBXBuildFile; fileRef = 18E8F3C626CBCCF100E62E33 /* Observable.swift */; };
		4FBFC9AE1C4748C3E0995519 /* Pods_NftApp.framework in Frameworks */ = {isa = PBXBuildFile; fileRef = 552E3C70822ACAC4332E425D /* Pods_NftApp.framework */; };
/* End PBXBuildFile section */

/* Begin PBXFileReference section */
		058902B29A06F5DBEEF6791B /* Pods-Genies.debug.xcconfig */ = {isa = PBXFileReference; includeInIndex = 1; lastKnownFileType = text.xcconfig; name = "Pods-Genies.debug.xcconfig"; path = "Target Support Files/Pods-Genies/Pods-Genies.debug.xcconfig"; sourceTree = "<group>"; };
		18156D0C26A361CC006B8FE5 /* FilterSheetViewController.swift */ = {isa = PBXFileReference; lastKnownFileType = sourcecode.swift; path = FilterSheetViewController.swift; sourceTree = "<group>"; };
		18156D0D26A361CC006B8FE5 /* FilterSheetViewController.xib */ = {isa = PBXFileReference; lastKnownFileType = file.xib; path = FilterSheetViewController.xib; sourceTree = "<group>"; };
		18156D3426A38CE1006B8FE5 /* PresentationController.swift */ = {isa = PBXFileReference; lastKnownFileType = sourcecode.swift; path = PresentationController.swift; sourceTree = "<group>"; };
		18156D3A26A43240006B8FE5 /* Settings.storyboard */ = {isa = PBXFileReference; lastKnownFileType = file.storyboard; path = Settings.storyboard; sourceTree = "<group>"; };
		18156D3C26A43250006B8FE5 /* SettingsViewController.swift */ = {isa = PBXFileReference; lastKnownFileType = sourcecode.swift; path = SettingsViewController.swift; sourceTree = "<group>"; };
		18156D4026A4D8F7006B8FE5 /* SettingsViewModel.swift */ = {isa = PBXFileReference; lastKnownFileType = sourcecode.swift; path = SettingsViewModel.swift; sourceTree = "<group>"; };
		18156D4226A4D925006B8FE5 /* SettingCellViewModel.swift */ = {isa = PBXFileReference; lastKnownFileType = sourcecode.swift; path = SettingCellViewModel.swift; sourceTree = "<group>"; };
		18156D4426A4DD3E006B8FE5 /* SettingViewCell.swift */ = {isa = PBXFileReference; lastKnownFileType = sourcecode.swift; path = SettingViewCell.swift; sourceTree = "<group>"; };
		18156D4526A4DD3E006B8FE5 /* SettingViewCell.xib */ = {isa = PBXFileReference; lastKnownFileType = file.xib; path = SettingViewCell.xib; sourceTree = "<group>"; };
		18156D4D26A5D9B7006B8FE5 /* WalletViewController.swift */ = {isa = PBXFileReference; lastKnownFileType = sourcecode.swift; path = WalletViewController.swift; sourceTree = "<group>"; };
		18156D4E26A5D9B7006B8FE5 /* WalletViewController.xib */ = {isa = PBXFileReference; lastKnownFileType = file.xib; path = WalletViewController.xib; sourceTree = "<group>"; };
		181742EB2698636B002B9FD7 /* PersonalDataViewController.swift */ = {isa = PBXFileReference; lastKnownFileType = sourcecode.swift; path = PersonalDataViewController.swift; sourceTree = "<group>"; };
		181742F42699B601002B9FD7 /* HapticHelper.swift */ = {isa = PBXFileReference; lastKnownFileType = sourcecode.swift; path = HapticHelper.swift; sourceTree = "<group>"; };
		181742F62699B7E7002B9FD7 /* AuthViewController.swift */ = {isa = PBXFileReference; lastKnownFileType = sourcecode.swift; path = AuthViewController.swift; sourceTree = "<group>"; };
		181742F8269B0705002B9FD7 /* ColorHelper.swift */ = {isa = PBXFileReference; lastKnownFileType = sourcecode.swift; path = ColorHelper.swift; sourceTree = "<group>"; };
		181C9A0E26AEFA3400A60105 /* HomeHeader.xib */ = {isa = PBXFileReference; lastKnownFileType = file.xib; path = HomeHeader.xib; sourceTree = "<group>"; };
		181C9A1026AEFA5F00A60105 /* HomeHeader.swift */ = {isa = PBXFileReference; lastKnownFileType = sourcecode.swift; path = HomeHeader.swift; sourceTree = "<group>"; };
		182342BE269DFC5500CD2907 /* ExchangeViewController.swift */ = {isa = PBXFileReference; lastKnownFileType = sourcecode.swift; path = ExchangeViewController.swift; sourceTree = "<group>"; };
		182342BF269DFC5500CD2907 /* ExchangeViewController.xib */ = {isa = PBXFileReference; lastKnownFileType = file.xib; path = ExchangeViewController.xib; sourceTree = "<group>"; };
		182342C2269DFC6300CD2907 /* DropShopViewController.swift */ = {isa = PBXFileReference; lastKnownFileType = sourcecode.swift; path = DropShopViewController.swift; sourceTree = "<group>"; };
		182342C3269DFC6300CD2907 /* DropShopViewController.xib */ = {isa = PBXFileReference; lastKnownFileType = file.xib; path = DropShopViewController.xib; sourceTree = "<group>"; };
		182342C8269E410D00CD2907 /* NftDropViewCell.xib */ = {isa = PBXFileReference; lastKnownFileType = file.xib; path = NftDropViewCell.xib; sourceTree = "<group>"; };
		182342CB269E41F300CD2907 /* DropShopViewModel.swift */ = {isa = PBXFileReference; lastKnownFileType = sourcecode.swift; path = DropShopViewModel.swift; sourceTree = "<group>"; };
		182342CD269E469700CD2907 /* NftDropViewCell.swift */ = {isa = PBXFileReference; lastKnownFileType = sourcecode.swift; path = NftDropViewCell.swift; sourceTree = "<group>"; };
		182342CF269E485200CD2907 /* ClothesViewModel.swift */ = {isa = PBXFileReference; lastKnownFileType = sourcecode.swift; path = ClothesViewModel.swift; sourceTree = "<group>"; };
		182342D126A0493600CD2907 /* DetailNftViewController.swift */ = {isa = PBXFileReference; lastKnownFileType = sourcecode.swift; path = DetailNftViewController.swift; sourceTree = "<group>"; };
		182342D226A0493600CD2907 /* DetailNftViewController.xib */ = {isa = PBXFileReference; lastKnownFileType = file.xib; path = DetailNftViewController.xib; sourceTree = "<group>"; };
		182342D626A081EF00CD2907 /* UICustomView.swift */ = {isa = PBXFileReference; lastKnownFileType = sourcecode.swift; path = UICustomView.swift; sourceTree = "<group>"; };
		182342D926A1E67F00CD2907 /* NftExchangeViewCell.swift */ = {isa = PBXFileReference; lastKnownFileType = sourcecode.swift; path = NftExchangeViewCell.swift; sourceTree = "<group>"; };
		182342DA26A1E67F00CD2907 /* NftExchangeViewCell.xib */ = {isa = PBXFileReference; lastKnownFileType = file.xib; path = NftExchangeViewCell.xib; sourceTree = "<group>"; };
		182342DD26A1EA8E00CD2907 /* NftCellViewModel.swift */ = {isa = PBXFileReference; lastKnownFileType = sourcecode.swift; path = NftCellViewModel.swift; sourceTree = "<group>"; };
		182342DF26A1EB9100CD2907 /* ExchangeViewModel.swift */ = {isa = PBXFileReference; lastKnownFileType = sourcecode.swift; path = ExchangeViewModel.swift; sourceTree = "<group>"; };
		182342E226A2370900CD2907 /* MoreOffersViewController.swift */ = {isa = PBXFileReference; lastKnownFileType = sourcecode.swift; path = MoreOffersViewController.swift; sourceTree = "<group>"; };
		182342E326A2370900CD2907 /* MoreOffersViewController.xib */ = {isa = PBXFileReference; lastKnownFileType = file.xib; path = MoreOffersViewController.xib; sourceTree = "<group>"; };
		182342E626A2D21400CD2907 /* OfferPriceViewCell.swift */ = {isa = PBXFileReference; lastKnownFileType = sourcecode.swift; path = OfferPriceViewCell.swift; sourceTree = "<group>"; };
		182342E726A2D21400CD2907 /* OfferPriceViewCell.xib */ = {isa = PBXFileReference; lastKnownFileType = file.xib; path = OfferPriceViewCell.xib; sourceTree = "<group>"; };
		182342ED26A2EB5E00CD2907 /* TradingHistoryViewController.swift */ = {isa = PBXFileReference; lastKnownFileType = sourcecode.swift; path = TradingHistoryViewController.swift; sourceTree = "<group>"; };
		182342EE26A2EB5E00CD2907 /* TradingHistoryViewController.xib */ = {isa = PBXFileReference; lastKnownFileType = file.xib; path = TradingHistoryViewController.xib; sourceTree = "<group>"; };
		182342F126A2ECF700CD2907 /* HistoryViewCell.swift */ = {isa = PBXFileReference; lastKnownFileType = sourcecode.swift; path = HistoryViewCell.swift; sourceTree = "<group>"; };
		182342F226A2ECF700CD2907 /* HistoryViewCell.xib */ = {isa = PBXFileReference; lastKnownFileType = file.xib; path = HistoryViewCell.xib; sourceTree = "<group>"; };
		182342F526A2F10E00CD2907 /* HistoryCellViewModel.swift */ = {isa = PBXFileReference; lastKnownFileType = sourcecode.swift; path = HistoryCellViewModel.swift; sourceTree = "<group>"; };
		182342F726A2F40500CD2907 /* TradingHistoryViewModel.swift */ = {isa = PBXFileReference; lastKnownFileType = sourcecode.swift; path = TradingHistoryViewModel.swift; sourceTree = "<group>"; };
		18523F88269CE7DB00611362 /* TabBarViewController.swift */ = {isa = PBXFileReference; lastKnownFileType = sourcecode.swift; path = TabBarViewController.swift; sourceTree = "<group>"; };
		18523F8F269CEAA000611362 /* ShopViewController.swift */ = {isa = PBXFileReference; lastKnownFileType = sourcecode.swift; path = ShopViewController.swift; sourceTree = "<group>"; };
		18523F91269CEB4E00611362 /* Shop.storyboard */ = {isa = PBXFileReference; lastKnownFileType = file.storyboard; path = Shop.storyboard; sourceTree = "<group>"; };
		18523F93269CED1100611362 /* TabBar.storyboard */ = {isa = PBXFileReference; lastKnownFileType = file.storyboard; path = TabBar.storyboard; sourceTree = "<group>"; };
		185435E326D4164C00368C8E /* NftApp.entitlements */ = {isa = PBXFileReference; lastKnownFileType = text.plist.entitlements; path = NftApp.entitlements; sourceTree = "<group>"; };
		186E5FE326B33ECF008291AC /* NftProfileViewCell.swift */ = {isa = PBXFileReference; lastKnownFileType = sourcecode.swift; path = NftProfileViewCell.swift; sourceTree = "<group>"; };
		186E5FE426B33ECF008291AC /* NftProfileViewCell.xib */ = {isa = PBXFileReference; lastKnownFileType = file.xib; path = NftProfileViewCell.xib; sourceTree = "<group>"; };
		186E5FF126B6A3E2008291AC /* WithdrawViewController.swift */ = {isa = PBXFileReference; lastKnownFileType = sourcecode.swift; path = WithdrawViewController.swift; sourceTree = "<group>"; };
		186E5FF226B6A3E2008291AC /* WithdrawViewController.xib */ = {isa = PBXFileReference; lastKnownFileType = file.xib; path = WithdrawViewController.xib; sourceTree = "<group>"; };
		186E5FF526B6A3FD008291AC /* AddFundsViewController.swift */ = {isa = PBXFileReference; lastKnownFileType = sourcecode.swift; path = AddFundsViewController.swift; sourceTree = "<group>"; };
		186E5FF626B6A3FD008291AC /* AddFundsViewController.xib */ = {isa = PBXFileReference; lastKnownFileType = file.xib; path = AddFundsViewController.xib; sourceTree = "<group>"; };
		186E5FF926B6A413008291AC /* AddFundsViewModel.swift */ = {isa = PBXFileReference; lastKnownFileType = sourcecode.swift; path = AddFundsViewModel.swift; sourceTree = "<group>"; };
		186E5FFB26B6A420008291AC /* WithdrawViewModel.swift */ = {isa = PBXFileReference; lastKnownFileType = sourcecode.swift; path = WithdrawViewModel.swift; sourceTree = "<group>"; };
		186E600726B6DFCA008291AC /* HistoryTransactionsViewController.swift */ = {isa = PBXFileReference; lastKnownFileType = sourcecode.swift; path = HistoryTransactionsViewController.swift; sourceTree = "<group>"; };
		186E600826B6DFCA008291AC /* HistoryTransactionsViewController.xib */ = {isa = PBXFileReference; lastKnownFileType = file.xib; path = HistoryTransactionsViewController.xib; sourceTree = "<group>"; };
		186E600B26B6DFE3008291AC /* CollectionNftViewController.swift */ = {isa = PBXFileReference; lastKnownFileType = sourcecode.swift; path = CollectionNftViewController.swift; sourceTree = "<group>"; };
		186E600C26B6DFE3008291AC /* CollectionNftViewController.xib */ = {isa = PBXFileReference; lastKnownFileType = file.xib; path = CollectionNftViewController.xib; sourceTree = "<group>"; };
		186E600F26B6E27E008291AC /* TransactionViewCell.swift */ = {isa = PBXFileReference; lastKnownFileType = sourcecode.swift; path = TransactionViewCell.swift; sourceTree = "<group>"; };
		186E601026B6E27E008291AC /* TransactionViewCell.xib */ = {isa = PBXFileReference; lastKnownFileType = file.xib; path = TransactionViewCell.xib; sourceTree = "<group>"; };
		186E601726B6E695008291AC /* DetailTransactionViewController.swift */ = {isa = PBXFileReference; lastKnownFileType = sourcecode.swift; path = DetailTransactionViewController.swift; sourceTree = "<group>"; };
		186E601826B6E695008291AC /* DetailTransactionViewController.xib */ = {isa = PBXFileReference; lastKnownFileType = file.xib; path = DetailTransactionViewController.xib; sourceTree = "<group>"; };
		186E601B26B6F178008291AC /* TransactionCellViewModel.swift */ = {isa = PBXFileReference; lastKnownFileType = sourcecode.swift; path = TransactionCellViewModel.swift; sourceTree = "<group>"; };
		186E602026B88F25008291AC /* SearchViewController.swift */ = {isa = PBXFileReference; lastKnownFileType = sourcecode.swift; path = SearchViewController.swift; sourceTree = "<group>"; };
		186E602126B88F25008291AC /* SearchViewController.xib */ = {isa = PBXFileReference; lastKnownFileType = file.xib; path = SearchViewController.xib; sourceTree = "<group>"; };
		186E602826B98C38008291AC /* FollowsViewController.swift */ = {isa = PBXFileReference; lastKnownFileType = sourcecode.swift; path = FollowsViewController.swift; sourceTree = "<group>"; };
		186E602926B98C38008291AC /* FollowsViewController.xib */ = {isa = PBXFileReference; lastKnownFileType = file.xib; path = FollowsViewController.xib; sourceTree = "<group>"; };
		186E602C26B98EE7008291AC /* FollowsViewCell.swift */ = {isa = PBXFileReference; lastKnownFileType = sourcecode.swift; path = FollowsViewCell.swift; sourceTree = "<group>"; };
		186E602D26B98EE7008291AC /* FollowsViewCell.xib */ = {isa = PBXFileReference; lastKnownFileType = file.xib; path = FollowsViewCell.xib; sourceTree = "<group>"; };
		1879C55826C9B5C000CE367E /* AuthRepository.swift */ = {isa = PBXFileReference; lastKnownFileType = sourcecode.swift; path = AuthRepository.swift; sourceTree = "<group>"; };
		1879C55A26C9B62A00CE367E /* User.swift */ = {isa = PBXFileReference; lastKnownFileType = sourcecode.swift; path = User.swift; sourceTree = "<group>"; };
		1879C55D26C9B76200CE367E /* SignupUseCase.swift */ = {isa = PBXFileReference; lastKnownFileType = sourcecode.swift; path = SignupUseCase.swift; sourceTree = "<group>"; };
		1879C56026C9B7EA00CE367E /* AuthRepositoryImpl.swift */ = {isa = PBXFileReference; lastKnownFileType = sourcecode.swift; path = AuthRepositoryImpl.swift; sourceTree = "<group>"; };
		1879C56526C9C17400CE367E /* AuthEndpoints.swift */ = {isa = PBXFileReference; lastKnownFileType = sourcecode.swift; path = AuthEndpoints.swift; sourceTree = "<group>"; };
		1879C56726C9C67100CE367E /* Endpoint.swift */ = {isa = PBXFileReference; lastKnownFileType = sourcecode.swift; path = Endpoint.swift; sourceTree = "<group>"; };
		1879C56926C9C74D00CE367E /* Constants.swift */ = {isa = PBXFileReference; lastKnownFileType = sourcecode.swift; path = Constants.swift; sourceTree = "<group>"; };
		1879C56B26C9C90D00CE367E /* NetworkHelper.swift */ = {isa = PBXFileReference; lastKnownFileType = sourcecode.swift; path = NetworkHelper.swift; sourceTree = "<group>"; };
		1879C56D26C9C9DF00CE367E /* LoginUseCase.swift */ = {isa = PBXFileReference; lastKnownFileType = sourcecode.swift; path = LoginUseCase.swift; sourceTree = "<group>"; };
		1879C57126C9D30900CE367E /* SignupRequestDTO.swift */ = {isa = PBXFileReference; lastKnownFileType = sourcecode.swift; path = SignupRequestDTO.swift; sourceTree = "<group>"; };
		1879C57326C9D31B00CE367E /* LoginRequestDTO.swift */ = {isa = PBXFileReference; lastKnownFileType = sourcecode.swift; path = LoginRequestDTO.swift; sourceTree = "<group>"; };
		1879C57526C9D32F00CE367E /* SignupResponseDTO.swift */ = {isa = PBXFileReference; lastKnownFileType = sourcecode.swift; path = SignupResponseDTO.swift; sourceTree = "<group>"; };
		1879C57726C9D34300CE367E /* LoginResponseDTO.swift */ = {isa = PBXFileReference; lastKnownFileType = sourcecode.swift; path = LoginResponseDTO.swift; sourceTree = "<group>"; };
		1879C57926CA79BB00CE367E /* SignupViewModel.swift */ = {isa = PBXFileReference; lastKnownFileType = sourcecode.swift; path = SignupViewModel.swift; sourceTree = "<group>"; };
		18855F3526D52A360018B072 /* Assets.xcassets */ = {isa = PBXFileReference; lastKnownFileType = folder.assetcatalog; path = Assets.xcassets; sourceTree = "<group>"; };
		18B84262266E27A40033AFC0 /* NftApp.app */ = {isa = PBXFileReference; explicitFileType = wrapper.application; includeInIndex = 0; path = NftApp.app; sourceTree = BUILT_PRODUCTS_DIR; };
		18B84265266E27A40033AFC0 /* AppDelegate.swift */ = {isa = PBXFileReference; lastKnownFileType = sourcecode.swift; path = AppDelegate.swift; sourceTree = "<group>"; };
		18B84269266E27A40033AFC0 /* SignUpViewController.swift */ = {isa = PBXFileReference; lastKnownFileType = sourcecode.swift; path = SignUpViewController.swift; sourceTree = "<group>"; };
		18B8426C266E27A40033AFC0 /* Base */ = {isa = PBXFileReference; lastKnownFileType = file.storyboard; name = Base; path = Base.lproj/Authorization.storyboard; sourceTree = "<group>"; };
		18B84271266E27A50033AFC0 /* Base */ = {isa = PBXFileReference; lastKnownFileType = file.storyboard; name = Base; path = Base.lproj/LaunchScreen.storyboard; sourceTree = "<group>"; };
		18B84273266E27A50033AFC0 /* Info.plist */ = {isa = PBXFileReference; lastKnownFileType = text.plist.xml; path = Info.plist; sourceTree = "<group>"; };
		18B8428D266F648F0033AFC0 /* Home.storyboard */ = {isa = PBXFileReference; lastKnownFileType = file.storyboard; path = Home.storyboard; sourceTree = "<group>"; };
		18B8428F266F64A30033AFC0 /* HomeViewController.swift */ = {isa = PBXFileReference; lastKnownFileType = sourcecode.swift; path = HomeViewController.swift; sourceTree = "<group>"; };
		18D3FEC8268FAE390030929D /* Extensions.swift */ = {isa = PBXFileReference; lastKnownFileType = sourcecode.swift; path = Extensions.swift; sourceTree = "<group>"; };
		18D3FECF2697B8C40030929D /* LoginViewController.swift */ = {isa = PBXFileReference; lastKnownFileType = sourcecode.swift; path = LoginViewController.swift; sourceTree = "<group>"; };
		18D8452326CD5D2500888D32 /* BaseViewModel.swift */ = {isa = PBXFileReference; lastKnownFileType = sourcecode.swift; path = BaseViewModel.swift; sourceTree = "<group>"; };
		18D8452726CD682400888D32 /* ErrorDTO.swift */ = {isa = PBXFileReference; lastKnownFileType = sourcecode.swift; path = ErrorDTO.swift; sourceTree = "<group>"; };
		18D8452C26CDAEF100888D32 /* UserStorage.swift */ = {isa = PBXFileReference; lastKnownFileType = sourcecode.swift; path = UserStorage.swift; sourceTree = "<group>"; };
		18D8452E26CDB2BA00888D32 /* LoginViewModel.swift */ = {isa = PBXFileReference; lastKnownFileType = sourcecode.swift; path = LoginViewModel.swift; sourceTree = "<group>"; };
		18D8453026CDC40500888D32 /* ru */ = {isa = PBXFileReference; lastKnownFileType = text.plist.strings; name = ru; path = ru.lproj/Authorization.strings; sourceTree = "<group>"; };
		18E1107026D595EF007FD66E /* en */ = {isa = PBXFileReference; lastKnownFileType = text.plist.strings; name = en; path = en.lproj/Localizable.strings; sourceTree = "<group>"; };
		18E1107226D595F3007FD66E /* ru */ = {isa = PBXFileReference; lastKnownFileType = text.plist.strings; name = ru; path = ru.lproj/Localizable.strings; sourceTree = "<group>"; };
		18E39B1226D02D4900FEC003 /* JWT.swift */ = {isa = PBXFileReference; lastKnownFileType = sourcecode.swift; path = JWT.swift; sourceTree = "<group>"; };
		18E39B1526D0394C00FEC003 /* UserRepositoryImpl.swift */ = {isa = PBXFileReference; lastKnownFileType = sourcecode.swift; path = UserRepositoryImpl.swift; sourceTree = "<group>"; };
		18E39B1826D039B000FEC003 /* UserRepository.swift */ = {isa = PBXFileReference; lastKnownFileType = sourcecode.swift; path = UserRepository.swift; sourceTree = "<group>"; };
		18E39B1D26D03A3000FEC003 /* UserEndpoints.swift */ = {isa = PBXFileReference; lastKnownFileType = sourcecode.swift; path = UserEndpoints.swift; sourceTree = "<group>"; };
		18E39B1F26D03AD300FEC003 /* GetUserRequestDTO.swift */ = {isa = PBXFileReference; lastKnownFileType = sourcecode.swift; path = GetUserRequestDTO.swift; sourceTree = "<group>"; };
		18E39B2126D03AE600FEC003 /* GetUserResponseDTO.swift */ = {isa = PBXFileReference; lastKnownFileType = sourcecode.swift; path = GetUserResponseDTO.swift; sourceTree = "<group>"; };
		18E39B2426D03BF200FEC003 /* UserUseCase.swift */ = {isa = PBXFileReference; lastKnownFileType = sourcecode.swift; path = UserUseCase.swift; sourceTree = "<group>"; };
		18E8F3C626CBCCF100E62E33 /* Observable.swift */ = {isa = PBXFileReference; lastKnownFileType = sourcecode.swift; path = Observable.swift; sourceTree = "<group>"; };
		23F248C39FCAFFBCD26E99BA /* Pods-Genies.release.xcconfig */ = {isa = PBXFileReference; includeInIndex = 1; lastKnownFileType = text.xcconfig; name = "Pods-Genies.release.xcconfig"; path = "Target Support Files/Pods-Genies/Pods-Genies.release.xcconfig"; sourceTree = "<group>"; };
		552E3C70822ACAC4332E425D /* Pods_NftApp.framework */ = {isa = PBXFileReference; explicitFileType = wrapper.framework; includeInIndex = 0; path = Pods_NftApp.framework; sourceTree = BUILT_PRODUCTS_DIR; };
		ACA37FA7669D5513CCCE5BD0 /* Pods-NftApp.debug.xcconfig */ = {isa = PBXFileReference; includeInIndex = 1; lastKnownFileType = text.xcconfig; name = "Pods-NftApp.debug.xcconfig"; path = "Target Support Files/Pods-NftApp/Pods-NftApp.debug.xcconfig"; sourceTree = "<group>"; };
		B565D2B4613D6742C184AF60 /* Pods-NftApp.release.xcconfig */ = {isa = PBXFileReference; includeInIndex = 1; lastKnownFileType = text.xcconfig; name = "Pods-NftApp.release.xcconfig"; path = "Target Support Files/Pods-NftApp/Pods-NftApp.release.xcconfig"; sourceTree = "<group>"; };
/* End PBXFileReference section */

/* Begin PBXFrameworksBuildPhase section */
		18B8425F266E27A40033AFC0 /* Frameworks */ = {
			isa = PBXFrameworksBuildPhase;
			buildActionMask = 2147483647;
			files = (
				4FBFC9AE1C4748C3E0995519 /* Pods_NftApp.framework in Frameworks */,
			);
			runOnlyForDeploymentPostprocessing = 0;
		};
/* End PBXFrameworksBuildPhase section */

/* Begin PBXGroup section */
		18156D3626A39169006B8FE5 /* Controllers */ = {
			isa = PBXGroup;
			children = (
				18156D3426A38CE1006B8FE5 /* PresentationController.swift */,
			);
			path = Controllers;
			sourceTree = "<group>";
		};
		18156D3726A4314B006B8FE5 /* Settings */ = {
			isa = PBXGroup;
			children = (
				18156D3926A43156006B8FE5 /* ViewModel */,
				18156D3826A43152006B8FE5 /* View */,
			);
			path = Settings;
			sourceTree = "<group>";
		};
		18156D3826A43152006B8FE5 /* View */ = {
			isa = PBXGroup;
			children = (
				18156D3A26A43240006B8FE5 /* Settings.storyboard */,
				18156D3C26A43250006B8FE5 /* SettingsViewController.swift */,
			);
			path = View;
			sourceTree = "<group>";
		};
		18156D3926A43156006B8FE5 /* ViewModel */ = {
			isa = PBXGroup;
			children = (
				18156D4026A4D8F7006B8FE5 /* SettingsViewModel.swift */,
			);
			path = ViewModel;
			sourceTree = "<group>";
		};
		18156D4A26A5D99A006B8FE5 /* Wallet */ = {
			isa = PBXGroup;
			children = (
				186E600426B6DF86008291AC /* CollectionNft */,
				186E600126B6DF55008291AC /* HistoryTransactions */,
				186E5FFD26B6A430008291AC /* Wallet */,
				186E5FEE26B6A3C2008291AC /* Withdraw */,
				186E5FEB26B6A3AD008291AC /* AddFunds */,
			);
			path = Wallet;
			sourceTree = "<group>";
		};
		18156D4B26A5D99F006B8FE5 /* View */ = {
			isa = PBXGroup;
			children = (
				18156D4D26A5D9B7006B8FE5 /* WalletViewController.swift */,
				18156D4E26A5D9B7006B8FE5 /* WalletViewController.xib */,
			);
			path = View;
			sourceTree = "<group>";
		};
		18156D4C26A5D9A2006B8FE5 /* ViewModel */ = {
			isa = PBXGroup;
			children = (
			);
			path = ViewModel;
			sourceTree = "<group>";
		};
		181742F32699B5C3002B9FD7 /* Utils */ = {
			isa = PBXGroup;
			children = (
				181742F42699B601002B9FD7 /* HapticHelper.swift */,
				181742F8269B0705002B9FD7 /* ColorHelper.swift */,
			);
			path = Utils;
			sourceTree = "<group>";
		};
		182342B8269DFB8800CD2907 /* DropShop */ = {
			isa = PBXGroup;
			children = (
				182342BD269DFC1200CD2907 /* ViewModel */,
				182342BC269DFC0E00CD2907 /* View */,
			);
			path = DropShop;
			sourceTree = "<group>";
		};
		182342B9269DFB9000CD2907 /* Exchange */ = {
			isa = PBXGroup;
			children = (
				182342BB269DFC0700CD2907 /* ViewModel */,
				182342BA269DFC0100CD2907 /* View */,
			);
			path = Exchange;
			sourceTree = "<group>";
		};
		182342BA269DFC0100CD2907 /* View */ = {
			isa = PBXGroup;
			children = (
				182342BE269DFC5500CD2907 /* ExchangeViewController.swift */,
				182342BF269DFC5500CD2907 /* ExchangeViewController.xib */,
				182342D926A1E67F00CD2907 /* NftExchangeViewCell.swift */,
				182342DA26A1E67F00CD2907 /* NftExchangeViewCell.xib */,
				182342E226A2370900CD2907 /* MoreOffersViewController.swift */,
				182342E326A2370900CD2907 /* MoreOffersViewController.xib */,
				182342E626A2D21400CD2907 /* OfferPriceViewCell.swift */,
				182342E726A2D21400CD2907 /* OfferPriceViewCell.xib */,
				18156D0C26A361CC006B8FE5 /* FilterSheetViewController.swift */,
				18156D0D26A361CC006B8FE5 /* FilterSheetViewController.xib */,
			);
			path = View;
			sourceTree = "<group>";
		};
		182342BB269DFC0700CD2907 /* ViewModel */ = {
			isa = PBXGroup;
			children = (
				182342DF26A1EB9100CD2907 /* ExchangeViewModel.swift */,
			);
			path = ViewModel;
			sourceTree = "<group>";
		};
		182342BC269DFC0E00CD2907 /* View */ = {
			isa = PBXGroup;
			children = (
				182342C8269E410D00CD2907 /* NftDropViewCell.xib */,
				182342C2269DFC6300CD2907 /* DropShopViewController.swift */,
				182342C3269DFC6300CD2907 /* DropShopViewController.xib */,
				182342CD269E469700CD2907 /* NftDropViewCell.swift */,
			);
			path = View;
			sourceTree = "<group>";
		};
		182342BD269DFC1200CD2907 /* ViewModel */ = {
			isa = PBXGroup;
			children = (
				182342CB269E41F300CD2907 /* DropShopViewModel.swift */,
				182342CF269E485200CD2907 /* ClothesViewModel.swift */,
			);
			path = ViewModel;
			sourceTree = "<group>";
		};
		182342D526A081DB00CD2907 /* Views */ = {
			isa = PBXGroup;
			children = (
				186E5FFE26B6CC67008291AC /* Settings */,
				182342D626A081EF00CD2907 /* UICustomView.swift */,
			);
			path = Views;
			sourceTree = "<group>";
		};
		182342EA26A2EB0B00CD2907 /* TradingHistory */ = {
			isa = PBXGroup;
			children = (
				182342EC26A2EB4000CD2907 /* ViewModel */,
				182342EB26A2EB3A00CD2907 /* View */,
			);
			path = TradingHistory;
			sourceTree = "<group>";
		};
		182342EB26A2EB3A00CD2907 /* View */ = {
			isa = PBXGroup;
			children = (
				182342ED26A2EB5E00CD2907 /* TradingHistoryViewController.swift */,
				182342EE26A2EB5E00CD2907 /* TradingHistoryViewController.xib */,
				182342F126A2ECF700CD2907 /* HistoryViewCell.swift */,
				182342F226A2ECF700CD2907 /* HistoryViewCell.xib */,
			);
			path = View;
			sourceTree = "<group>";
		};
		182342EC26A2EB4000CD2907 /* ViewModel */ = {
			isa = PBXGroup;
			children = (
				182342F526A2F10E00CD2907 /* HistoryCellViewModel.swift */,
				182342F726A2F40500CD2907 /* TradingHistoryViewModel.swift */,
			);
			path = ViewModel;
			sourceTree = "<group>";
		};
		18523F8A269CE95300611362 /* TabBar */ = {
			isa = PBXGroup;
			children = (
				18523F8C269CE96400611362 /* View */,
			);
			path = TabBar;
			sourceTree = "<group>";
		};
		18523F8C269CE96400611362 /* View */ = {
			isa = PBXGroup;
			children = (
				18523F88269CE7DB00611362 /* TabBarViewController.swift */,
				18523F93269CED1100611362 /* TabBar.storyboard */,
			);
			path = View;
			sourceTree = "<group>";
		};
		18523F8D269CEA0500611362 /* Shop */ = {
			isa = PBXGroup;
			children = (
				18523F8F269CEAA000611362 /* ShopViewController.swift */,
				18523F91269CEB4E00611362 /* Shop.storyboard */,
				182342B9269DFB9000CD2907 /* Exchange */,
				182342B8269DFB8800CD2907 /* DropShop */,
			);
			path = Shop;
			sourceTree = "<group>";
		};
		186E5FE726B5DBF4008291AC /* DetailNft */ = {
			isa = PBXGroup;
			children = (
				186E5FE926B5DC02008291AC /* ViewModel */,
				186E5FE826B5DBFD008291AC /* View */,
			);
			path = DetailNft;
			sourceTree = "<group>";
		};
		186E5FE826B5DBFD008291AC /* View */ = {
			isa = PBXGroup;
			children = (
				182342D126A0493600CD2907 /* DetailNftViewController.swift */,
				182342D226A0493600CD2907 /* DetailNftViewController.xib */,
			);
			path = View;
			sourceTree = "<group>";
		};
		186E5FE926B5DC02008291AC /* ViewModel */ = {
			isa = PBXGroup;
			children = (
				182342DD26A1EA8E00CD2907 /* NftCellViewModel.swift */,
			);
			path = ViewModel;
			sourceTree = "<group>";
		};
		186E5FEA26B5E2DE008291AC /* Profile */ = {
			isa = PBXGroup;
			children = (
				18B84287266F63620033AFC0 /* ViewModel */,
				18B84285266F63500033AFC0 /* View */,
			);
			path = Profile;
			sourceTree = "<group>";
		};
		186E5FEB26B6A3AD008291AC /* AddFunds */ = {
			isa = PBXGroup;
			children = (
				186E5FED26B6A3B9008291AC /* ViewModel */,
				186E5FEC26B6A3B4008291AC /* View */,
			);
			path = AddFunds;
			sourceTree = "<group>";
		};
		186E5FEC26B6A3B4008291AC /* View */ = {
			isa = PBXGroup;
			children = (
				186E5FF526B6A3FD008291AC /* AddFundsViewController.swift */,
				186E5FF626B6A3FD008291AC /* AddFundsViewController.xib */,
			);
			path = View;
			sourceTree = "<group>";
		};
		186E5FED26B6A3B9008291AC /* ViewModel */ = {
			isa = PBXGroup;
			children = (
				186E5FF926B6A413008291AC /* AddFundsViewModel.swift */,
			);
			path = ViewModel;
			sourceTree = "<group>";
		};
		186E5FEE26B6A3C2008291AC /* Withdraw */ = {
			isa = PBXGroup;
			children = (
				186E5FF026B6A3D1008291AC /* ViewModel */,
				186E5FEF26B6A3CE008291AC /* View */,
			);
			path = Withdraw;
			sourceTree = "<group>";
		};
		186E5FEF26B6A3CE008291AC /* View */ = {
			isa = PBXGroup;
			children = (
				186E5FF126B6A3E2008291AC /* WithdrawViewController.swift */,
				186E5FF226B6A3E2008291AC /* WithdrawViewController.xib */,
			);
			path = View;
			sourceTree = "<group>";
		};
		186E5FF026B6A3D1008291AC /* ViewModel */ = {
			isa = PBXGroup;
			children = (
				186E5FFB26B6A420008291AC /* WithdrawViewModel.swift */,
			);
			path = ViewModel;
			sourceTree = "<group>";
		};
		186E5FFD26B6A430008291AC /* Wallet */ = {
			isa = PBXGroup;
			children = (
				18156D4C26A5D9A2006B8FE5 /* ViewModel */,
				18156D4B26A5D99F006B8FE5 /* View */,
			);
			path = Wallet;
			sourceTree = "<group>";
		};
		186E5FFE26B6CC67008291AC /* Settings */ = {
			isa = PBXGroup;
			children = (
				186E600026B6CC77008291AC /* ViewModel */,
				186E5FFF26B6CC74008291AC /* View */,
			);
			path = Settings;
			sourceTree = "<group>";
		};
		186E5FFF26B6CC74008291AC /* View */ = {
			isa = PBXGroup;
			children = (
				18156D4426A4DD3E006B8FE5 /* SettingViewCell.swift */,
				18156D4526A4DD3E006B8FE5 /* SettingViewCell.xib */,
			);
			path = View;
			sourceTree = "<group>";
		};
		186E600026B6CC77008291AC /* ViewModel */ = {
			isa = PBXGroup;
			children = (
				18156D4226A4D925006B8FE5 /* SettingCellViewModel.swift */,
			);
			path = ViewModel;
			sourceTree = "<group>";
		};
		186E600126B6DF55008291AC /* HistoryTransactions */ = {
			isa = PBXGroup;
			children = (
				186E601426B6E622008291AC /* DetailTransaction */,
				186E601326B6E619008291AC /* Transactions */,
			);
			path = HistoryTransactions;
			sourceTree = "<group>";
		};
		186E600226B6DF5C008291AC /* View */ = {
			isa = PBXGroup;
			children = (
				186E600726B6DFCA008291AC /* HistoryTransactionsViewController.swift */,
				186E600826B6DFCA008291AC /* HistoryTransactionsViewController.xib */,
				186E600F26B6E27E008291AC /* TransactionViewCell.swift */,
				186E601026B6E27E008291AC /* TransactionViewCell.xib */,
			);
			path = View;
			sourceTree = "<group>";
		};
		186E600326B6DF5F008291AC /* ViewModel */ = {
			isa = PBXGroup;
			children = (
				186E601B26B6F178008291AC /* TransactionCellViewModel.swift */,
			);
			path = ViewModel;
			sourceTree = "<group>";
		};
		186E600426B6DF86008291AC /* CollectionNft */ = {
			isa = PBXGroup;
			children = (
				186E600626B6DF93008291AC /* ViewModel */,
				186E600526B6DF90008291AC /* View */,
			);
			path = CollectionNft;
			sourceTree = "<group>";
		};
		186E600526B6DF90008291AC /* View */ = {
			isa = PBXGroup;
			children = (
				186E600B26B6DFE3008291AC /* CollectionNftViewController.swift */,
				186E600C26B6DFE3008291AC /* CollectionNftViewController.xib */,
			);
			path = View;
			sourceTree = "<group>";
		};
		186E600626B6DF93008291AC /* ViewModel */ = {
			isa = PBXGroup;
			children = (
			);
			path = ViewModel;
			sourceTree = "<group>";
		};
		186E601326B6E619008291AC /* Transactions */ = {
			isa = PBXGroup;
			children = (
				186E600326B6DF5F008291AC /* ViewModel */,
				186E600226B6DF5C008291AC /* View */,
			);
			path = Transactions;
			sourceTree = "<group>";
		};
		186E601426B6E622008291AC /* DetailTransaction */ = {
			isa = PBXGroup;
			children = (
				186E601626B6E63D008291AC /* ViewModel */,
				186E601526B6E638008291AC /* View */,
			);
			path = DetailTransaction;
			sourceTree = "<group>";
		};
		186E601526B6E638008291AC /* View */ = {
			isa = PBXGroup;
			children = (
				186E601726B6E695008291AC /* DetailTransactionViewController.swift */,
				186E601826B6E695008291AC /* DetailTransactionViewController.xib */,
			);
			path = View;
			sourceTree = "<group>";
		};
		186E601626B6E63D008291AC /* ViewModel */ = {
			isa = PBXGroup;
			children = (
			);
			path = ViewModel;
			sourceTree = "<group>";
		};
		186E601D26B88F08008291AC /* Search */ = {
			isa = PBXGroup;
			children = (
				186E601F26B88F15008291AC /* ViewModel */,
				186E601E26B88F10008291AC /* View */,
			);
			path = Search;
			sourceTree = "<group>";
		};
		186E601E26B88F10008291AC /* View */ = {
			isa = PBXGroup;
			children = (
				186E602026B88F25008291AC /* SearchViewController.swift */,
				186E602126B88F25008291AC /* SearchViewController.xib */,
			);
			path = View;
			sourceTree = "<group>";
		};
		186E601F26B88F15008291AC /* ViewModel */ = {
			isa = PBXGroup;
			children = (
			);
			path = ViewModel;
			sourceTree = "<group>";
		};
		186E602426B98A80008291AC /* Follows */ = {
			isa = PBXGroup;
			children = (
				186E602726B98BAD008291AC /* ViewModel */,
				186E602526B98BA1008291AC /* View */,
			);
			path = Follows;
			sourceTree = "<group>";
		};
		186E602526B98BA1008291AC /* View */ = {
			isa = PBXGroup;
			children = (
				186E602826B98C38008291AC /* FollowsViewController.swift */,
				186E602926B98C38008291AC /* FollowsViewController.xib */,
				186E602C26B98EE7008291AC /* FollowsViewCell.swift */,
				186E602D26B98EE7008291AC /* FollowsViewCell.xib */,
			);
			path = View;
			sourceTree = "<group>";
		};
		186E602726B98BAD008291AC /* ViewModel */ = {
			isa = PBXGroup;
			children = (
			);
			path = ViewModel;
			sourceTree = "<group>";
		};
		1879C55526C9B4F400CE367E /* Protocols */ = {
			isa = PBXGroup;
			children = (
				1879C55626C9B59100CE367E /* Repositories */,
			);
			path = Protocols;
			sourceTree = "<group>";
		};
		1879C55626C9B59100CE367E /* Repositories */ = {
			isa = PBXGroup;
			children = (
				1879C55826C9B5C000CE367E /* AuthRepository.swift */,
				18E39B1826D039B000FEC003 /* UserRepository.swift */,
			);
			path = Repositories;
			sourceTree = "<group>";
		};
		1879C55C26C9B73000CE367E /* Authorization */ = {
			isa = PBXGroup;
			children = (
				1879C55D26C9B76200CE367E /* SignupUseCase.swift */,
				1879C56D26C9C9DF00CE367E /* LoginUseCase.swift */,
			);
			path = Authorization;
			sourceTree = "<group>";
		};
		1879C56226C9BCF100CE367E /* Network */ = {
			isa = PBXGroup;
			children = (
				18E39B1A26D039D100FEC003 /* User */,
				1879C56F26C9D0E900CE367E /* Authorization */,
				1879C56726C9C67100CE367E /* Endpoint.swift */,
				18D8452726CD682400888D32 /* ErrorDTO.swift */,
				1879C56B26C9C90D00CE367E /* NetworkHelper.swift */,
			);
			path = Network;
			sourceTree = "<group>";
		};
		1879C56326C9C13E00CE367E /* Endpoints */ = {
			isa = PBXGroup;
			children = (
				1879C56526C9C17400CE367E /* AuthEndpoints.swift */,
			);
			path = Endpoints;
			sourceTree = "<group>";
		};
		1879C56F26C9D0E900CE367E /* Authorization */ = {
			isa = PBXGroup;
			children = (
				1879C57026C9D16A00CE367E /* DataMapping */,
				1879C56326C9C13E00CE367E /* Endpoints */,
			);
			path = Authorization;
			sourceTree = "<group>";
		};
		1879C57026C9D16A00CE367E /* DataMapping */ = {
			isa = PBXGroup;
			children = (
				1879C57126C9D30900CE367E /* SignupRequestDTO.swift */,
				1879C57326C9D31B00CE367E /* LoginRequestDTO.swift */,
				1879C57526C9D32F00CE367E /* SignupResponseDTO.swift */,
				1879C57726C9D34300CE367E /* LoginResponseDTO.swift */,
			);
			path = DataMapping;
			sourceTree = "<group>";
		};
		18B84259266E27A40033AFC0 = {
			isa = PBXGroup;
			children = (
				18B84264266E27A40033AFC0 /* NftApp */,
				18B84263266E27A40033AFC0 /* Products */,
				60C56D7339B681B0264C7CF2 /* Pods */,
				4119338D394F328773616786 /* Frameworks */,
			);
			sourceTree = "<group>";
		};
		18B84263266E27A40033AFC0 /* Products */ = {
			isa = PBXGroup;
			children = (
				18B84262266E27A40033AFC0 /* NftApp.app */,
			);
			name = Products;
			sourceTree = "<group>";
		};
		18B84264266E27A40033AFC0 /* NftApp */ = {
			isa = PBXGroup;
			children = (
				185435E326D4164C00368C8E /* NftApp.entitlements */,
				18B84273266E27A50033AFC0 /* Info.plist */,
				18B8427E266F61180033AFC0 /* Resourses */,
				18B8427D266F61030033AFC0 /* Data */,
				18B8427C266F60FD0033AFC0 /* Domain */,
				18B8427B266F60B30033AFC0 /* Presentation */,
				18B84265266E27A40033AFC0 /* AppDelegate.swift */,
			);
			path = NftApp;
			sourceTree = "<group>";
		};
		18B8427B266F60B30033AFC0 /* Presentation */ = {
			isa = PBXGroup;
			children = (
				18D3FEC6268FADE50030929D /* Common */,
				18B84283266F632C0033AFC0 /* Modules */,
			);
			path = Presentation;
			sourceTree = "<group>";
		};
		18B8427C266F60FD0033AFC0 /* Domain */ = {
			isa = PBXGroup;
			children = (
				1879C55526C9B4F400CE367E /* Protocols */,
				18B84282266F62090033AFC0 /* Entities */,
				18B8427F266F618F0033AFC0 /* UseCases */,
			);
			path = Domain;
			sourceTree = "<group>";
		};
		18B8427D266F61030033AFC0 /* Data */ = {
			isa = PBXGroup;
			children = (
				1879C56226C9BCF100CE367E /* Network */,
				18B84281266F61F90033AFC0 /* Repositories */,
				18B84280266F61DF0033AFC0 /* Storage */,
			);
			path = Data;
			sourceTree = "<group>";
		};
		18B8427E266F61180033AFC0 /* Resourses */ = {
			isa = PBXGroup;
			children = (
				18E1107126D595EF007FD66E /* Localizable.strings */,
				1879C56926C9C74D00CE367E /* Constants.swift */,
				18E39B1226D02D4900FEC003 /* JWT.swift */,
				18855F3526D52A360018B072 /* Assets.xcassets */,
			);
			path = Resourses;
			sourceTree = "<group>";
		};
		18B8427F266F618F0033AFC0 /* UseCases */ = {
			isa = PBXGroup;
			children = (
				18E39B2326D03BE300FEC003 /* User */,
				1879C55C26C9B73000CE367E /* Authorization */,
			);
			path = UseCases;
			sourceTree = "<group>";
		};
		18B84280266F61DF0033AFC0 /* Storage */ = {
			isa = PBXGroup;
			children = (
				18D8452B26CDAEDF00888D32 /* User */,
			);
			path = Storage;
			sourceTree = "<group>";
		};
		18B84281266F61F90033AFC0 /* Repositories */ = {
			isa = PBXGroup;
			children = (
				18E39B1526D0394C00FEC003 /* UserRepositoryImpl.swift */,
				1879C56026C9B7EA00CE367E /* AuthRepositoryImpl.swift */,
			);
			path = Repositories;
			sourceTree = "<group>";
		};
		18B84282266F62090033AFC0 /* Entities */ = {
			isa = PBXGroup;
			children = (
				1879C55A26C9B62A00CE367E /* User.swift */,
			);
			path = Entities;
			sourceTree = "<group>";
		};
		18B84283266F632C0033AFC0 /* Modules */ = {
			isa = PBXGroup;
			children = (
				186E601D26B88F08008291AC /* Search */,
				186E5FE726B5DBF4008291AC /* DetailNft */,
				18156D4A26A5D99A006B8FE5 /* Wallet */,
				18156D3726A4314B006B8FE5 /* Settings */,
				182342EA26A2EB0B00CD2907 /* TradingHistory */,
				18523F8D269CEA0500611362 /* Shop */,
				18523F8A269CE95300611362 /* TabBar */,
				18B8428B266F63FB0033AFC0 /* Launch */,
				18B84288266F63920033AFC0 /* Authorization */,
				18B84284266F633C0033AFC0 /* Home */,
			);
			path = Modules;
			sourceTree = "<group>";
		};
		18B84284266F633C0033AFC0 /* Home */ = {
			isa = PBXGroup;
			children = (
				186E602426B98A80008291AC /* Follows */,
				186E5FEA26B5E2DE008291AC /* Profile */,
			);
			path = Home;
			sourceTree = "<group>";
		};
		18B84285266F63500033AFC0 /* View */ = {
			isa = PBXGroup;
			children = (
				18B8428D266F648F0033AFC0 /* Home.storyboard */,
				18B8428F266F64A30033AFC0 /* HomeViewController.swift */,
				181C9A0E26AEFA3400A60105 /* HomeHeader.xib */,
				181C9A1026AEFA5F00A60105 /* HomeHeader.swift */,
				186E5FE326B33ECF008291AC /* NftProfileViewCell.swift */,
				186E5FE426B33ECF008291AC /* NftProfileViewCell.xib */,
			);
			path = View;
			sourceTree = "<group>";
		};
		18B84287266F63620033AFC0 /* ViewModel */ = {
			isa = PBXGroup;
			children = (
			);
			path = ViewModel;
			sourceTree = "<group>";
		};
		18B84288266F63920033AFC0 /* Authorization */ = {
			isa = PBXGroup;
			children = (
				18B8428A266F63A00033AFC0 /* ViewModel */,
				18B84289266F639D0033AFC0 /* View */,
			);
			path = Authorization;
			sourceTree = "<group>";
		};
		18B84289266F639D0033AFC0 /* View */ = {
			isa = PBXGroup;
			children = (
				18B84269266E27A40033AFC0 /* SignUpViewController.swift */,
				18B8426B266E27A40033AFC0 /* Authorization.storyboard */,
				18D3FECF2697B8C40030929D /* LoginViewController.swift */,
				181742EB2698636B002B9FD7 /* PersonalDataViewController.swift */,
				181742F62699B7E7002B9FD7 /* AuthViewController.swift */,
			);
			path = View;
			sourceTree = "<group>";
		};
		18B8428A266F63A00033AFC0 /* ViewModel */ = {
			isa = PBXGroup;
			children = (
				1879C57926CA79BB00CE367E /* SignupViewModel.swift */,
				18D8452E26CDB2BA00888D32 /* LoginViewModel.swift */,
			);
			path = ViewModel;
			sourceTree = "<group>";
		};
		18B8428B266F63FB0033AFC0 /* Launch */ = {
			isa = PBXGroup;
			children = (
				18B8428C266F64140033AFC0 /* View */,
			);
			path = Launch;
			sourceTree = "<group>";
		};
		18B8428C266F64140033AFC0 /* View */ = {
			isa = PBXGroup;
			children = (
				18B84270266E27A50033AFC0 /* LaunchScreen.storyboard */,
			);
			path = View;
			sourceTree = "<group>";
		};
		18D3FEC6268FADE50030929D /* Common */ = {
			isa = PBXGroup;
			children = (
				18D8452226CD5D1600888D32 /* ViewModels */,
				18156D3626A39169006B8FE5 /* Controllers */,
				182342D526A081DB00CD2907 /* Views */,
				181742F32699B5C3002B9FD7 /* Utils */,
				18D3FEC7268FAE270030929D /* Extensions */,
				18E8F3C626CBCCF100E62E33 /* Observable.swift */,
			);
			path = Common;
			sourceTree = "<group>";
		};
		18D3FEC7268FAE270030929D /* Extensions */ = {
			isa = PBXGroup;
			children = (
				18D3FEC8268FAE390030929D /* Extensions.swift */,
			);
			path = Extensions;
			sourceTree = "<group>";
		};
		18D8452226CD5D1600888D32 /* ViewModels */ = {
			isa = PBXGroup;
			children = (
				18D8452326CD5D2500888D32 /* BaseViewModel.swift */,
			);
			path = ViewModels;
			sourceTree = "<group>";
		};
		18D8452B26CDAEDF00888D32 /* User */ = {
			isa = PBXGroup;
			children = (
				18D8452C26CDAEF100888D32 /* UserStorage.swift */,
			);
			path = User;
			sourceTree = "<group>";
		};
		18E39B1A26D039D100FEC003 /* User */ = {
			isa = PBXGroup;
			children = (
				18E39B1C26D039F900FEC003 /* Endpoints */,
				18E39B1B26D039EC00FEC003 /* DataMapping */,
			);
			path = User;
			sourceTree = "<group>";
		};
		18E39B1B26D039EC00FEC003 /* DataMapping */ = {
			isa = PBXGroup;
			children = (
				18E39B1F26D03AD300FEC003 /* GetUserRequestDTO.swift */,
				18E39B2126D03AE600FEC003 /* GetUserResponseDTO.swift */,
			);
			path = DataMapping;
			sourceTree = "<group>";
		};
		18E39B1C26D039F900FEC003 /* Endpoints */ = {
			isa = PBXGroup;
			children = (
				18E39B1D26D03A3000FEC003 /* UserEndpoints.swift */,
			);
			path = Endpoints;
			sourceTree = "<group>";
		};
		18E39B2326D03BE300FEC003 /* User */ = {
			isa = PBXGroup;
			children = (
				18E39B2426D03BF200FEC003 /* UserUseCase.swift */,
			);
			path = User;
			sourceTree = "<group>";
		};
		4119338D394F328773616786 /* Frameworks */ = {
			isa = PBXGroup;
			children = (
				552E3C70822ACAC4332E425D /* Pods_NftApp.framework */,
			);
			name = Frameworks;
			sourceTree = "<group>";
		};
		60C56D7339B681B0264C7CF2 /* Pods */ = {
			isa = PBXGroup;
			children = (
				058902B29A06F5DBEEF6791B /* Pods-Genies.debug.xcconfig */,
				23F248C39FCAFFBCD26E99BA /* Pods-Genies.release.xcconfig */,
				ACA37FA7669D5513CCCE5BD0 /* Pods-NftApp.debug.xcconfig */,
				B565D2B4613D6742C184AF60 /* Pods-NftApp.release.xcconfig */,
			);
			path = Pods;
			sourceTree = "<group>";
		};
/* End PBXGroup section */

/* Begin PBXNativeTarget section */
		18B84261266E27A40033AFC0 /* NftApp */ = {
			isa = PBXNativeTarget;
			buildConfigurationList = 18B84276266E27A50033AFC0 /* Build configuration list for PBXNativeTarget "NftApp" */;
			buildPhases = (
				4907A56643E5C463A49C8C43 /* [CP] Check Pods Manifest.lock */,
				18B8425E266E27A40033AFC0 /* Sources */,
				18B8425F266E27A40033AFC0 /* Frameworks */,
				18B84260266E27A40033AFC0 /* Resources */,
				06BABF5564D5C0F2300D1D02 /* [CP] Embed Pods Frameworks */,
			);
			buildRules = (
			);
			dependencies = (
			);
			name = NftApp;
			productName = Genies;
			productReference = 18B84262266E27A40033AFC0 /* NftApp.app */;
			productType = "com.apple.product-type.application";
		};
/* End PBXNativeTarget section */

/* Begin PBXProject section */
		18B8425A266E27A40033AFC0 /* Project object */ = {
			isa = PBXProject;
			attributes = {
				LastSwiftUpdateCheck = 1250;
				LastUpgradeCheck = 1250;
				TargetAttributes = {
					18B84261266E27A40033AFC0 = {
						CreatedOnToolsVersion = 12.5;
						LastSwiftMigration = 1250;
					};
				};
			};
			buildConfigurationList = 18B8425D266E27A40033AFC0 /* Build configuration list for PBXProject "NftApp" */;
			compatibilityVersion = "Xcode 9.3";
			developmentRegion = en;
			hasScannedForEncodings = 0;
			knownRegions = (
				en,
				Base,
				ru,
			);
			mainGroup = 18B84259266E27A40033AFC0;
			productRefGroup = 18B84263266E27A40033AFC0 /* Products */;
			projectDirPath = "";
			projectRoot = "";
			targets = (
				18B84261266E27A40033AFC0 /* NftApp */,
			);
		};
/* End PBXProject section */

/* Begin PBXResourcesBuildPhase section */
		18B84260266E27A40033AFC0 /* Resources */ = {
			isa = PBXResourcesBuildPhase;
			buildActionMask = 2147483647;
			files = (
				182342E526A2370900CD2907 /* MoreOffersViewController.xib in Resources */,
				18523F94269CED1100611362 /* TabBar.storyboard in Resources */,
				18B84272266E27A50033AFC0 /* LaunchScreen.storyboard in Resources */,
				186E600A26B6DFCA008291AC /* HistoryTransactionsViewController.xib in Resources */,
				18156D4726A4DD3E006B8FE5 /* SettingViewCell.xib in Resources */,
				186E600E26B6DFE3008291AC /* CollectionNftViewController.xib in Resources */,
				186E5FF426B6A3E2008291AC /* WithdrawViewController.xib in Resources */,
				182342C1269DFC5500CD2907 /* ExchangeViewController.xib in Resources */,
				186E601226B6E27E008291AC /* TransactionViewCell.xib in Resources */,
				18156D0F26A361CC006B8FE5 /* FilterSheetViewController.xib in Resources */,
				18523F92269CEB4E00611362 /* Shop.storyboard in Resources */,
				186E601A26B6E695008291AC /* DetailTransactionViewController.xib in Resources */,
				181C9A0F26AEFA3400A60105 /* HomeHeader.xib in Resources */,
				18B8426D266E27A40033AFC0 /* Authorization.storyboard in Resources */,
				18156D3B26A43240006B8FE5 /* Settings.storyboard in Resources */,
				18B8428E266F648F0033AFC0 /* Home.storyboard in Resources */,
				18E1106F26D595EF007FD66E /* Localizable.strings in Resources */,
				186E602326B88F25008291AC /* SearchViewController.xib in Resources */,
				182342CA269E410D00CD2907 /* NftDropViewCell.xib in Resources */,
				186E5FE626B33ECF008291AC /* NftProfileViewCell.xib in Resources */,
				182342F426A2ECF700CD2907 /* HistoryViewCell.xib in Resources */,
				18156D5026A5D9B7006B8FE5 /* WalletViewController.xib in Resources */,
				182342D426A0493600CD2907 /* DetailNftViewController.xib in Resources */,
				182342C5269DFC6300CD2907 /* DropShopViewController.xib in Resources */,
				18855F3626D52A360018B072 /* Assets.xcassets in Resources */,
				186E5FF826B6A3FD008291AC /* AddFundsViewController.xib in Resources */,
				182342F026A2EB5E00CD2907 /* TradingHistoryViewController.xib in Resources */,
				182342DC26A1E67F00CD2907 /* NftExchangeViewCell.xib in Resources */,
				186E602B26B98C38008291AC /* FollowsViewController.xib in Resources */,
				182342E926A2D21400CD2907 /* OfferPriceViewCell.xib in Resources */,
				186E602F26B98EE7008291AC /* FollowsViewCell.xib in Resources */,
			);
			runOnlyForDeploymentPostprocessing = 0;
		};
/* End PBXResourcesBuildPhase section */

/* Begin PBXShellScriptBuildPhase section */
		06BABF5564D5C0F2300D1D02 /* [CP] Embed Pods Frameworks */ = {
			isa = PBXShellScriptBuildPhase;
			buildActionMask = 2147483647;
			files = (
			);
			inputFileListPaths = (
				"${PODS_ROOT}/Target Support Files/Pods-NftApp/Pods-NftApp-frameworks-${CONFIGURATION}-input-files.xcfilelist",
			);
			name = "[CP] Embed Pods Frameworks";
			outputFileListPaths = (
				"${PODS_ROOT}/Target Support Files/Pods-NftApp/Pods-NftApp-frameworks-${CONFIGURATION}-output-files.xcfilelist",
			);
			runOnlyForDeploymentPostprocessing = 0;
			shellPath = /bin/sh;
			shellScript = "\"${PODS_ROOT}/Target Support Files/Pods-NftApp/Pods-NftApp-frameworks.sh\"\n";
			showEnvVarsInLog = 0;
		};
		4907A56643E5C463A49C8C43 /* [CP] Check Pods Manifest.lock */ = {
			isa = PBXShellScriptBuildPhase;
			buildActionMask = 2147483647;
			files = (
			);
			inputFileListPaths = (
			);
			inputPaths = (
				"${PODS_PODFILE_DIR_PATH}/Podfile.lock",
				"${PODS_ROOT}/Manifest.lock",
			);
			name = "[CP] Check Pods Manifest.lock";
			outputFileListPaths = (
			);
			outputPaths = (
				"$(DERIVED_FILE_DIR)/Pods-NftApp-checkManifestLockResult.txt",
			);
			runOnlyForDeploymentPostprocessing = 0;
			shellPath = /bin/sh;
			shellScript = "diff \"${PODS_PODFILE_DIR_PATH}/Podfile.lock\" \"${PODS_ROOT}/Manifest.lock\" > /dev/null\nif [ $? != 0 ] ; then\n    # print error to STDERR\n    echo \"error: The sandbox is not in sync with the Podfile.lock. Run 'pod install' or update your CocoaPods installation.\" >&2\n    exit 1\nfi\n# This output is used by Xcode 'outputs' to avoid re-running this script phase.\necho \"SUCCESS\" > \"${SCRIPT_OUTPUT_FILE_0}\"\n";
			showEnvVarsInLog = 0;
		};
/* End PBXShellScriptBuildPhase section */

/* Begin PBXSourcesBuildPhase section */
		18B8425E266E27A40033AFC0 /* Sources */ = {
			isa = PBXSourcesBuildPhase;
			buildActionMask = 2147483647;
			files = (
				18E39B2526D03BF200FEC003 /* UserUseCase.swift in Sources */,
				18E39B1E26D03A3000FEC003 /* UserEndpoints.swift in Sources */,
				1879C55B26C9B62A00CE367E /* User.swift in Sources */,
				18E39B2226D03AE600FEC003 /* GetUserResponseDTO.swift in Sources */,
				182342DE26A1EA8E00CD2907 /* NftCellViewModel.swift in Sources */,
				186E5FFA26B6A413008291AC /* AddFundsViewModel.swift in Sources */,
				1879C56626C9C17400CE367E /* AuthEndpoints.swift in Sources */,
				186E601926B6E695008291AC /* DetailTransactionViewController.swift in Sources */,
				182342E026A1EB9100CD2907 /* ExchangeViewModel.swift in Sources */,
				18D3FEC9268FAE390030929D /* Extensions.swift in Sources */,
				18B8426A266E27A40033AFC0 /* SignUpViewController.swift in Sources */,
				181C9A1126AEFA5F00A60105 /* HomeHeader.swift in Sources */,
				1879C57426C9D31B00CE367E /* LoginRequestDTO.swift in Sources */,
				186E600926B6DFCA008291AC /* HistoryTransactionsViewController.swift in Sources */,
				186E5FFC26B6A420008291AC /* WithdrawViewModel.swift in Sources */,
				1879C57226C9D30900CE367E /* SignupRequestDTO.swift in Sources */,
				182342DB26A1E67F00CD2907 /* NftExchangeViewCell.swift in Sources */,
				1879C57626C9D32F00CE367E /* SignupResponseDTO.swift in Sources */,
				182342CC269E41F300CD2907 /* DropShopViewModel.swift in Sources */,
				186E601C26B6F178008291AC /* TransactionCellViewModel.swift in Sources */,
				1879C56E26C9C9DF00CE367E /* LoginUseCase.swift in Sources */,
				1879C56C26C9C90D00CE367E /* NetworkHelper.swift in Sources */,
				182342E426A2370900CD2907 /* MoreOffersViewController.swift in Sources */,
				18523F90269CEAA000611362 /* ShopViewController.swift in Sources */,
				1879C56126C9B7EA00CE367E /* AuthRepositoryImpl.swift in Sources */,
				182342D326A0493600CD2907 /* DetailNftViewController.swift in Sources */,
				18D8452F26CDB2BA00888D32 /* LoginViewModel.swift in Sources */,
				18D8452426CD5D2500888D32 /* BaseViewModel.swift in Sources */,
				18156D4326A4D925006B8FE5 /* SettingCellViewModel.swift in Sources */,
				1879C56A26C9C74D00CE367E /* Constants.swift in Sources */,
				18E8F3C726CBCCF100E62E33 /* Observable.swift in Sources */,
				181742ED2698636B002B9FD7 /* PersonalDataViewController.swift in Sources */,
				186E601126B6E27E008291AC /* TransactionViewCell.swift in Sources */,
				18523F89269CE7DB00611362 /* TabBarViewController.swift in Sources */,
				186E600D26B6DFE3008291AC /* CollectionNftViewController.swift in Sources */,
				1879C55E26C9B76200CE367E /* SignupUseCase.swift in Sources */,
				186E602E26B98EE7008291AC /* FollowsViewCell.swift in Sources */,
				182342EF26A2EB5E00CD2907 /* TradingHistoryViewController.swift in Sources */,
				18E39B1926D039B000FEC003 /* UserRepository.swift in Sources */,
				18156D4F26A5D9B7006B8FE5 /* WalletViewController.swift in Sources */,
				18156D3D26A43250006B8FE5 /* SettingsViewController.swift in Sources */,
				181742F52699B601002B9FD7 /* HapticHelper.swift in Sources */,
				18E39B2026D03AD300FEC003 /* GetUserRequestDTO.swift in Sources */,
				18156D4126A4D8F7006B8FE5 /* SettingsViewModel.swift in Sources */,
				182342F626A2F10E00CD2907 /* HistoryCellViewModel.swift in Sources */,
				186E602A26B98C38008291AC /* FollowsViewController.swift in Sources */,
				1879C55926C9B5C000CE367E /* AuthRepository.swift in Sources */,
				182342C0269DFC5500CD2907 /* ExchangeViewController.swift in Sources */,
				18D8452D26CDAEF100888D32 /* UserStorage.swift in Sources */,
				18156D0E26A361CC006B8FE5 /* FilterSheetViewController.swift in Sources */,
				182342D726A081EF00CD2907 /* UICustomView.swift in Sources */,
				18E39B1626D0394C00FEC003 /* UserRepositoryImpl.swift in Sources */,
				18156D4626A4DD3E006B8FE5 /* SettingViewCell.swift in Sources */,
				182342E826A2D21400CD2907 /* OfferPriceViewCell.swift in Sources */,
				181742F9269B0705002B9FD7 /* ColorHelper.swift in Sources */,
				182342C4269DFC6300CD2907 /* DropShopViewController.swift in Sources */,
				1879C56826C9C67100CE367E /* Endpoint.swift in Sources */,
				182342F826A2F40500CD2907 /* TradingHistoryViewModel.swift in Sources */,
				1879C57A26CA79BB00CE367E /* SignupViewModel.swift in Sources */,
				182342CE269E469700CD2907 /* NftDropViewCell.swift in Sources */,
				181742F72699B7E7002B9FD7 /* AuthViewController.swift in Sources */,
				186E5FF326B6A3E2008291AC /* WithdrawViewController.swift in Sources */,
				18B84266266E27A40033AFC0 /* AppDelegate.swift in Sources */,
				186E5FE526B33ECF008291AC /* NftProfileViewCell.swift in Sources */,
				18D3FED02697B8C40030929D /* LoginViewController.swift in Sources */,
				186E602226B88F25008291AC /* SearchViewController.swift in Sources */,
				18B84290266F64A30033AFC0 /* HomeViewController.swift in Sources */,
				182342D0269E485200CD2907 /* ClothesViewModel.swift in Sources */,
				1879C57826C9D34300CE367E /* LoginResponseDTO.swift in Sources */,
				18E39B1326D02D4900FEC003 /* JWT.swift in Sources */,
				182342F326A2ECF700CD2907 /* HistoryViewCell.swift in Sources */,
				18D8452826CD682400888D32 /* ErrorDTO.swift in Sources */,
				18156D3526A38CE1006B8FE5 /* PresentationController.swift in Sources */,
				186E5FF726B6A3FD008291AC /* AddFundsViewController.swift in Sources */,
			);
			runOnlyForDeploymentPostprocessing = 0;
		};
/* End PBXSourcesBuildPhase section */

/* Begin PBXVariantGroup section */
		18B8426B266E27A40033AFC0 /* Authorization.storyboard */ = {
			isa = PBXVariantGroup;
			children = (
				18B8426C266E27A40033AFC0 /* Base */,
				18D8453026CDC40500888D32 /* ru */,
			);
			name = Authorization.storyboard;
			sourceTree = "<group>";
		};
		18B84270266E27A50033AFC0 /* LaunchScreen.storyboard */ = {
			isa = PBXVariantGroup;
			children = (
				18B84271266E27A50033AFC0 /* Base */,
			);
			name = LaunchScreen.storyboard;
			sourceTree = "<group>";
		};
		18E1107126D595EF007FD66E /* Localizable.strings */ = {
			isa = PBXVariantGroup;
			children = (
				18E1107026D595EF007FD66E /* en */,
				18E1107226D595F3007FD66E /* ru */,
			);
			name = Localizable.strings;
			sourceTree = "<group>";
		};
/* End PBXVariantGroup section */

/* Begin XCBuildConfiguration section */
		18B84274266E27A50033AFC0 /* Debug */ = {
			isa = XCBuildConfiguration;
			buildSettings = {
				ALWAYS_SEARCH_USER_PATHS = NO;
				CLANG_ANALYZER_LOCALIZABILITY_NONLOCALIZED = YES;
				CLANG_ANALYZER_NONNULL = YES;
				CLANG_ANALYZER_NUMBER_OBJECT_CONVERSION = YES_AGGRESSIVE;
				CLANG_CXX_LANGUAGE_STANDARD = "gnu++14";
				CLANG_CXX_LIBRARY = "libc++";
				CLANG_ENABLE_MODULES = YES;
				CLANG_ENABLE_OBJC_ARC = YES;
				CLANG_ENABLE_OBJC_WEAK = YES;
				CLANG_WARN_BLOCK_CAPTURE_AUTORELEASING = YES;
				CLANG_WARN_BOOL_CONVERSION = YES;
				CLANG_WARN_COMMA = YES;
				CLANG_WARN_CONSTANT_CONVERSION = YES;
				CLANG_WARN_DEPRECATED_OBJC_IMPLEMENTATIONS = YES;
				CLANG_WARN_DIRECT_OBJC_ISA_USAGE = YES_ERROR;
				CLANG_WARN_DOCUMENTATION_COMMENTS = YES;
				CLANG_WARN_EMPTY_BODY = YES;
				CLANG_WARN_ENUM_CONVERSION = YES;
				CLANG_WARN_INFINITE_RECURSION = YES;
				CLANG_WARN_INT_CONVERSION = YES;
				CLANG_WARN_NON_LITERAL_NULL_CONVERSION = YES;
				CLANG_WARN_OBJC_IMPLICIT_RETAIN_SELF = YES;
				CLANG_WARN_OBJC_LITERAL_CONVERSION = YES;
				CLANG_WARN_OBJC_ROOT_CLASS = YES_ERROR;
				CLANG_WARN_QUOTED_INCLUDE_IN_FRAMEWORK_HEADER = YES;
				CLANG_WARN_RANGE_LOOP_ANALYSIS = YES;
				CLANG_WARN_STRICT_PROTOTYPES = YES;
				CLANG_WARN_SUSPICIOUS_MOVE = YES;
				CLANG_WARN_UNGUARDED_AVAILABILITY = YES_AGGRESSIVE;
				CLANG_WARN_UNREACHABLE_CODE = YES;
				CLANG_WARN__DUPLICATE_METHOD_MATCH = YES;
				COPY_PHASE_STRIP = NO;
				DEBUG_INFORMATION_FORMAT = dwarf;
				ENABLE_STRICT_OBJC_MSGSEND = YES;
				ENABLE_TESTABILITY = YES;
				GCC_C_LANGUAGE_STANDARD = gnu11;
				GCC_DYNAMIC_NO_PIC = NO;
				GCC_NO_COMMON_BLOCKS = YES;
				GCC_OPTIMIZATION_LEVEL = 0;
				GCC_PREPROCESSOR_DEFINITIONS = (
					"DEBUG=1",
					"$(inherited)",
				);
				GCC_WARN_64_TO_32_BIT_CONVERSION = YES;
				GCC_WARN_ABOUT_RETURN_TYPE = YES_ERROR;
				GCC_WARN_UNDECLARED_SELECTOR = YES;
				GCC_WARN_UNINITIALIZED_AUTOS = YES_AGGRESSIVE;
				GCC_WARN_UNUSED_FUNCTION = YES;
				GCC_WARN_UNUSED_VARIABLE = YES;
				IPHONEOS_DEPLOYMENT_TARGET = 12.1;
				MTL_ENABLE_DEBUG_INFO = INCLUDE_SOURCE;
				MTL_FAST_MATH = YES;
				ONLY_ACTIVE_ARCH = YES;
				SDKROOT = iphoneos;
				SWIFT_ACTIVE_COMPILATION_CONDITIONS = DEBUG;
				SWIFT_OPTIMIZATION_LEVEL = "-Onone";
			};
			name = Debug;
		};
		18B84275266E27A50033AFC0 /* Release */ = {
			isa = XCBuildConfiguration;
			buildSettings = {
				ALWAYS_SEARCH_USER_PATHS = NO;
				CLANG_ANALYZER_LOCALIZABILITY_NONLOCALIZED = YES;
				CLANG_ANALYZER_NONNULL = YES;
				CLANG_ANALYZER_NUMBER_OBJECT_CONVERSION = YES_AGGRESSIVE;
				CLANG_CXX_LANGUAGE_STANDARD = "gnu++14";
				CLANG_CXX_LIBRARY = "libc++";
				CLANG_ENABLE_MODULES = YES;
				CLANG_ENABLE_OBJC_ARC = YES;
				CLANG_ENABLE_OBJC_WEAK = YES;
				CLANG_WARN_BLOCK_CAPTURE_AUTORELEASING = YES;
				CLANG_WARN_BOOL_CONVERSION = YES;
				CLANG_WARN_COMMA = YES;
				CLANG_WARN_CONSTANT_CONVERSION = YES;
				CLANG_WARN_DEPRECATED_OBJC_IMPLEMENTATIONS = YES;
				CLANG_WARN_DIRECT_OBJC_ISA_USAGE = YES_ERROR;
				CLANG_WARN_DOCUMENTATION_COMMENTS = YES;
				CLANG_WARN_EMPTY_BODY = YES;
				CLANG_WARN_ENUM_CONVERSION = YES;
				CLANG_WARN_INFINITE_RECURSION = YES;
				CLANG_WARN_INT_CONVERSION = YES;
				CLANG_WARN_NON_LITERAL_NULL_CONVERSION = YES;
				CLANG_WARN_OBJC_IMPLICIT_RETAIN_SELF = YES;
				CLANG_WARN_OBJC_LITERAL_CONVERSION = YES;
				CLANG_WARN_OBJC_ROOT_CLASS = YES_ERROR;
				CLANG_WARN_QUOTED_INCLUDE_IN_FRAMEWORK_HEADER = YES;
				CLANG_WARN_RANGE_LOOP_ANALYSIS = YES;
				CLANG_WARN_STRICT_PROTOTYPES = YES;
				CLANG_WARN_SUSPICIOUS_MOVE = YES;
				CLANG_WARN_UNGUARDED_AVAILABILITY = YES_AGGRESSIVE;
				CLANG_WARN_UNREACHABLE_CODE = YES;
				CLANG_WARN__DUPLICATE_METHOD_MATCH = YES;
				COPY_PHASE_STRIP = NO;
				DEBUG_INFORMATION_FORMAT = "dwarf-with-dsym";
				ENABLE_NS_ASSERTIONS = NO;
				ENABLE_STRICT_OBJC_MSGSEND = YES;
				GCC_C_LANGUAGE_STANDARD = gnu11;
				GCC_NO_COMMON_BLOCKS = YES;
				GCC_WARN_64_TO_32_BIT_CONVERSION = YES;
				GCC_WARN_ABOUT_RETURN_TYPE = YES_ERROR;
				GCC_WARN_UNDECLARED_SELECTOR = YES;
				GCC_WARN_UNINITIALIZED_AUTOS = YES_AGGRESSIVE;
				GCC_WARN_UNUSED_FUNCTION = YES;
				GCC_WARN_UNUSED_VARIABLE = YES;
				IPHONEOS_DEPLOYMENT_TARGET = 12.1;
				MTL_ENABLE_DEBUG_INFO = NO;
				MTL_FAST_MATH = YES;
				SDKROOT = iphoneos;
				SWIFT_COMPILATION_MODE = wholemodule;
				SWIFT_OPTIMIZATION_LEVEL = "-O";
				VALIDATE_PRODUCT = YES;
			};
			name = Release;
		};
		18B84277266E27A50033AFC0 /* Debug */ = {
			isa = XCBuildConfiguration;
			baseConfigurationReference = ACA37FA7669D5513CCCE5BD0 /* Pods-NftApp.debug.xcconfig */;
			buildSettings = {
				ASSETCATALOG_COMPILER_APPICON_NAME = AppIcon;
				ASSETCATALOG_COMPILER_GLOBAL_ACCENT_COLOR_NAME = AccentColor;
				CLANG_ENABLE_MODULES = YES;
				CODE_SIGN_ENTITLEMENTS = NftApp/NftApp.entitlements;
				CODE_SIGN_IDENTITY = "iPhone Developer";
				CODE_SIGN_STYLE = Manual;
				CURRENT_PROJECT_VERSION = 4;
				DEVELOPMENT_TEAM = 64ZXKZ9BQ6;
				INFOPLIST_FILE = NftApp/Info.plist;
				IPHONEOS_DEPLOYMENT_TARGET = 12.1;
				LD_RUNPATH_SEARCH_PATHS = (
					"$(inherited)",
					"@executable_path/Frameworks",
				);
				MARKETING_VERSION = 0.0.3.1;
				PRODUCT_BUNDLE_IDENTIFIER = com.nft.dev;
				PRODUCT_NAME = "$(TARGET_NAME)";
				PROVISIONING_PROFILE_SPECIFIER = "Development Provisioning Profile";
				SWIFT_OPTIMIZATION_LEVEL = "-Onone";
				SWIFT_VERSION = 5.0;
				TARGETED_DEVICE_FAMILY = "1,2";
			};
			name = Debug;
		};
		18B84278266E27A50033AFC0 /* Release */ = {
			isa = XCBuildConfiguration;
			baseConfigurationReference = B565D2B4613D6742C184AF60 /* Pods-NftApp.release.xcconfig */;
			buildSettings = {
				ASSETCATALOG_COMPILER_APPICON_NAME = AppIcon;
				ASSETCATALOG_COMPILER_GLOBAL_ACCENT_COLOR_NAME = AccentColor;
				CLANG_ENABLE_MODULES = YES;
				CODE_SIGN_ENTITLEMENTS = NftApp/NftApp.entitlements;
				CODE_SIGN_IDENTITY = "iPhone Developer";
				CODE_SIGN_STYLE = Manual;
				CURRENT_PROJECT_VERSION = 4;
				DEVELOPMENT_TEAM = 64ZXKZ9BQ6;
				INFOPLIST_FILE = NftApp/Info.plist;
				IPHONEOS_DEPLOYMENT_TARGET = 12.1;
				LD_RUNPATH_SEARCH_PATHS = (
					"$(inherited)",
					"@executable_path/Frameworks",
				);
				MARKETING_VERSION = 0.0.3.1;
				PRODUCT_BUNDLE_IDENTIFIER = com.nft.dev;
				PRODUCT_NAME = "$(TARGET_NAME)";
				PROVISIONING_PROFILE_SPECIFIER = "Development Provisioning Profile";
				SWIFT_VERSION = 5.0;
				TARGETED_DEVICE_FAMILY = "1,2";
			};
			name = Release;
		};
/* End XCBuildConfiguration section */

/* Begin XCConfigurationList section */
		18B8425D266E27A40033AFC0 /* Build configuration list for PBXProject "NftApp" */ = {
			isa = XCConfigurationList;
			buildConfigurations = (
				18B84274266E27A50033AFC0 /* Debug */,
				18B84275266E27A50033AFC0 /* Release */,
			);
			defaultConfigurationIsVisible = 0;
			defaultConfigurationName = Debug;
		};
		18B84276266E27A50033AFC0 /* Build configuration list for PBXNativeTarget "NftApp" */ = {
			isa = XCConfigurationList;
			buildConfigurations = (
				18B84277266E27A50033AFC0 /* Debug */,
				18B84278266E27A50033AFC0 /* Release */,
			);
			defaultConfigurationIsVisible = 0;
			defaultConfigurationName = Debug;
		};
/* End XCConfigurationList section */
	};
	rootObject = 18B8425A266E27A40033AFC0 /* Project object */;
}
