PODS:
  - Alamofire (5.4.3)
  - SDWebImage (5.11.1):
    - SDWebImage/Core (= 5.11.1)
  - SDWebImage/Core (5.11.1)
  - SwiftyJSON (4.3.0)
  - TinkoffASDKCore (2.4.3)
  - TinkoffASDKUI (2.4.3):
    - TinkoffASDKCore

DEPENDENCIES:
  - Alamofire
  - SDWebImage (~> 5.0)
  - SwiftyJSON (~> 4.0)
  - TinkoffASDKCore (~> 2.4.0)
  - TinkoffASDKUI (~> 2.4.0)

SPEC REPOS:
  trunk:
    - Alamofire
    - SDWebImage
    - SwiftyJSON
    - TinkoffASDKCore
    - TinkoffASDKUI

SPEC CHECKSUMS:
  Alamofire: e447a2774a40c996748296fa2c55112fdbbc42f9
  SDWebImage: a7f831e1a65eb5e285e3fb046a23fcfbf08e696d
  SwiftyJSON: 6faa0040f8b59dead0ee07436cbf76b73c08fd08
  TinkoffASDKCore: 2121c29c4e54e4f920c3390a1a6a8c5c51aa0b8b
  TinkoffASDKUI: 02d120f38c79f17746947796ec806dfce4ff16a9

PODFILE CHECKSUM: 0947ddf23d9ba8d458e014041609a37e79ef7720

COCOAPODS: 1.11.0
