// !$*UTF8*$!
{
	archiveVersion = 1;
	classes = {
	};
	objectVersion = 51;
	objects = {

/* Begin PBXBuildFile section */
		181742ED2698636B002B9FD7 /* PersonalDataViewController.swift in Sources */ = {isa = PBXBuildFile; fileRef = 181742EB2698636B002B9FD7 /* PersonalDataViewController.swift */; };
		181742EE2698636B002B9FD7 /* PersonalDataViewController.xib in Resources */ = {isa = PBXBuildFile; fileRef = 181742EC2698636B002B9FD7 /* PersonalDataViewController.xib */; };
		181742F52699B601002B9FD7 /* HapticHelper.swift in Sources */ = {isa = PBXBuildFile; fileRef = 181742F42699B601002B9FD7 /* HapticHelper.swift */; };
		181742F72699B7E7002B9FD7 /* AuthViewController.swift in Sources */ = {isa = PBXBuildFile; fileRef = 181742F62699B7E7002B9FD7 /* AuthViewController.swift */; };
		181742F9269B0705002B9FD7 /* ColorHelper.swift in Sources */ = {isa = PBXBuildFile; fileRef = 181742F8269B0705002B9FD7 /* ColorHelper.swift */; };
		182342C0269DFC5500CD2907 /* ExchangeViewController.swift in Sources */ = {isa = PBXBuildFile; fileRef = 182342BE269DFC5500CD2907 /* ExchangeViewController.swift */; };
		182342C1269DFC5500CD2907 /* ExchangeViewController.xib in Resources */ = {isa = PBXBuildFile; fileRef = 182342BF269DFC5500CD2907 /* ExchangeViewController.xib */; };
		182342C4269DFC6300CD2907 /* DropShopViewController.swift in Sources */ = {isa = PBXBuildFile; fileRef = 182342C2269DFC6300CD2907 /* DropShopViewController.swift */; };
		182342C5269DFC6300CD2907 /* DropShopViewController.xib in Resources */ = {isa = PBXBuildFile; fileRef = 182342C3269DFC6300CD2907 /* DropShopViewController.xib */; };
		182342CA269E410D00CD2907 /* ClothesViewCell.xib in Resources */ = {isa = PBXBuildFile; fileRef = 182342C8269E410D00CD2907 /* ClothesViewCell.xib */; };
		182342CC269E41F300CD2907 /* DropShopViewModel.swift in Sources */ = {isa = PBXBuildFile; fileRef = 182342CB269E41F300CD2907 /* DropShopViewModel.swift */; };
		182342CE269E469700CD2907 /* ClothesViewCell.swift in Sources */ = {isa = PBXBuildFile; fileRef = 182342CD269E469700CD2907 /* ClothesViewCell.swift */; };
		182342D0269E485200CD2907 /* ClothesViewModel.swift in Sources */ = {isa = PBXBuildFile; fileRef = 182342CF269E485200CD2907 /* ClothesViewModel.swift */; };
		182342D326A0493600CD2907 /* DetailNftViewController.swift in Sources */ = {isa = PBXBuildFile; fileRef = 182342D126A0493600CD2907 /* DetailNftViewController.swift */; };
		182342D426A0493600CD2907 /* DetailNftViewController.xib in Resources */ = {isa = PBXBuildFile; fileRef = 182342D226A0493600CD2907 /* DetailNftViewController.xib */; };
		182342D726A081EF00CD2907 /* UICustomView.swift in Sources */ = {isa = PBXBuildFile; fileRef = 182342D626A081EF00CD2907 /* UICustomView.swift */; };
		182342DB26A1E67F00CD2907 /* NftExchangeViewCell.swift in Sources */ = {isa = PBXBuildFile; fileRef = 182342D926A1E67F00CD2907 /* NftExchangeViewCell.swift */; };
		182342DC26A1E67F00CD2907 /* NftExchangeViewCell.xib in Resources */ = {isa = PBXBuildFile; fileRef = 182342DA26A1E67F00CD2907 /* NftExchangeViewCell.xib */; };
		182342DE26A1EA8E00CD2907 /* NftCellViewModel.swift in Sources */ = {isa = PBXBuildFile; fileRef = 182342DD26A1EA8E00CD2907 /* NftCellViewModel.swift */; };
		182342E026A1EB9100CD2907 /* ExchangeViewModel.swift in Sources */ = {isa = PBXBuildFile; fileRef = 182342DF26A1EB9100CD2907 /* ExchangeViewModel.swift */; };
		18523F89269CE7DB00611362 /* TabBarViewController.swift in Sources */ = {isa = PBXBuildFile; fileRef = 18523F88269CE7DB00611362 /* TabBarViewController.swift */; };
		18523F90269CEAA000611362 /* ShopViewController.swift in Sources */ = {isa = PBXBuildFile; fileRef = 18523F8F269CEAA000611362 /* ShopViewController.swift */; };
		18523F92269CEB4E00611362 /* Shop.storyboard in Resources */ = {isa = PBXBuildFile; fileRef = 18523F91269CEB4E00611362 /* Shop.storyboard */; };
		18523F94269CED1100611362 /* TabBar.storyboard in Resources */ = {isa = PBXBuildFile; fileRef = 18523F93269CED1100611362 /* TabBar.storyboard */; };
		18B84266266E27A40033AFC0 /* AppDelegate.swift in Sources */ = {isa = PBXBuildFile; fileRef = 18B84265266E27A40033AFC0 /* AppDelegate.swift */; };
		18B8426A266E27A40033AFC0 /* SignUpViewController.swift in Sources */ = {isa = PBXBuildFile; fileRef = 18B84269266E27A40033AFC0 /* SignUpViewController.swift */; };
		18B8426D266E27A40033AFC0 /* Authorization.storyboard in Resources */ = {isa = PBXBuildFile; fileRef = 18B8426B266E27A40033AFC0 /* Authorization.storyboard */; };
		18B8426F266E27A50033AFC0 /* Assets.xcassets in Resources */ = {isa = PBXBuildFile; fileRef = 18B8426E266E27A50033AFC0 /* Assets.xcassets */; };
		18B84272266E27A50033AFC0 /* LaunchScreen.storyboard in Resources */ = {isa = PBXBuildFile; fileRef = 18B84270266E27A50033AFC0 /* LaunchScreen.storyboard */; };
		18B8428E266F648F0033AFC0 /* Avatar.storyboard in Resources */ = {isa = PBXBuildFile; fileRef = 18B8428D266F648F0033AFC0 /* Avatar.storyboard */; };
		18B84290266F64A30033AFC0 /* AvatarViewController.swift in Sources */ = {isa = PBXBuildFile; fileRef = 18B8428F266F64A30033AFC0 /* AvatarViewController.swift */; };
		18D3FEC9268FAE390030929D /* Extensions.swift in Sources */ = {isa = PBXBuildFile; fileRef = 18D3FEC8268FAE390030929D /* Extensions.swift */; };
		18D3FED02697B8C40030929D /* LoginViewController.swift in Sources */ = {isa = PBXBuildFile; fileRef = 18D3FECF2697B8C40030929D /* LoginViewController.swift */; };
		18D3FED72697C5B00030929D /* text2.jpg in Resources */ = {isa = PBXBuildFile; fileRef = 18D3FED22697C5AF0030929D /* text2.jpg */; };
		18D3FED82697C5B00030929D /* text1.jpg in Resources */ = {isa = PBXBuildFile; fileRef = 18D3FED32697C5B00030929D /* text1.jpg */; };
		18D3FED92697C5B00030929D /* woman.OBJ in Resources */ = {isa = PBXBuildFile; fileRef = 18D3FED42697C5B00030929D /* woman.OBJ */; };
		18D3FEDA2697C5B00030929D /* man1.obj in Resources */ = {isa = PBXBuildFile; fileRef = 18D3FED52697C5B00030929D /* man1.obj */; };
		1B7B67A6D500DFCD6B6C7F8B /* Pods_Genies.framework in Frameworks */ = {isa = PBXBuildFile; fileRef = 661EB53AD28E8B632381DCF3 /* Pods_Genies.framework */; };
/* End PBXBuildFile section */

/* Begin PBXFileReference section */
		058902B29A06F5DBEEF6791B /* Pods-Genies.debug.xcconfig */ = {isa = PBXFileReference; includeInIndex = 1; lastKnownFileType = text.xcconfig; name = "Pods-Genies.debug.xcconfig"; path = "Target Support Files/Pods-Genies/Pods-Genies.debug.xcconfig"; sourceTree = "<group>"; };
		181742EB2698636B002B9FD7 /* PersonalDataViewController.swift */ = {isa = PBXFileReference; lastKnownFileType = sourcecode.swift; path = PersonalDataViewController.swift; sourceTree = "<group>"; };
		181742EC2698636B002B9FD7 /* PersonalDataViewController.xib */ = {isa = PBXFileReference; lastKnownFileType = file.xib; path = PersonalDataViewController.xib; sourceTree = "<group>"; };
		181742F42699B601002B9FD7 /* HapticHelper.swift */ = {isa = PBXFileReference; lastKnownFileType = sourcecode.swift; path = HapticHelper.swift; sourceTree = "<group>"; };
		181742F62699B7E7002B9FD7 /* AuthViewController.swift */ = {isa = PBXFileReference; lastKnownFileType = sourcecode.swift; path = AuthViewController.swift; sourceTree = "<group>"; };
		181742F8269B0705002B9FD7 /* ColorHelper.swift */ = {isa = PBXFileReference; lastKnownFileType = sourcecode.swift; path = ColorHelper.swift; sourceTree = "<group>"; };
		182342BE269DFC5500CD2907 /* ExchangeViewController.swift */ = {isa = PBXFileReference; lastKnownFileType = sourcecode.swift; path = ExchangeViewController.swift; sourceTree = "<group>"; };
		182342BF269DFC5500CD2907 /* ExchangeViewController.xib */ = {isa = PBXFileReference; lastKnownFileType = file.xib; path = ExchangeViewController.xib; sourceTree = "<group>"; };
		182342C2269DFC6300CD2907 /* DropShopViewController.swift */ = {isa = PBXFileReference; lastKnownFileType = sourcecode.swift; path = DropShopViewController.swift; sourceTree = "<group>"; };
		182342C3269DFC6300CD2907 /* DropShopViewController.xib */ = {isa = PBXFileReference; lastKnownFileType = file.xib; path = DropShopViewController.xib; sourceTree = "<group>"; };
		182342C8269E410D00CD2907 /* ClothesViewCell.xib */ = {isa = PBXFileReference; lastKnownFileType = file.xib; path = ClothesViewCell.xib; sourceTree = "<group>"; };
		182342CB269E41F300CD2907 /* DropShopViewModel.swift */ = {isa = PBXFileReference; lastKnownFileType = sourcecode.swift; path = DropShopViewModel.swift; sourceTree = "<group>"; };
		182342CD269E469700CD2907 /* ClothesViewCell.swift */ = {isa = PBXFileReference; lastKnownFileType = sourcecode.swift; path = ClothesViewCell.swift; sourceTree = "<group>"; };
		182342CF269E485200CD2907 /* ClothesViewModel.swift */ = {isa = PBXFileReference; lastKnownFileType = sourcecode.swift; path = ClothesViewModel.swift; sourceTree = "<group>"; };
		182342D126A0493600CD2907 /* DetailNftViewController.swift */ = {isa = PBXFileReference; lastKnownFileType = sourcecode.swift; path = DetailNftViewController.swift; sourceTree = "<group>"; };
		182342D226A0493600CD2907 /* DetailNftViewController.xib */ = {isa = PBXFileReference; lastKnownFileType = file.xib; path = DetailNftViewController.xib; sourceTree = "<group>"; };
		182342D626A081EF00CD2907 /* UICustomView.swift */ = {isa = PBXFileReference; lastKnownFileType = sourcecode.swift; path = UICustomView.swift; sourceTree = "<group>"; };
		182342D926A1E67F00CD2907 /* NftExchangeViewCell.swift */ = {isa = PBXFileReference; lastKnownFileType = sourcecode.swift; path = NftExchangeViewCell.swift; sourceTree = "<group>"; };
		182342DA26A1E67F00CD2907 /* NftExchangeViewCell.xib */ = {isa = PBXFileReference; lastKnownFileType = file.xib; path = NftExchangeViewCell.xib; sourceTree = "<group>"; };
		182342DD26A1EA8E00CD2907 /* NftCellViewModel.swift */ = {isa = PBXFileReference; lastKnownFileType = sourcecode.swift; path = NftCellViewModel.swift; sourceTree = "<group>"; };
		182342DF26A1EB9100CD2907 /* ExchangeViewModel.swift */ = {isa = PBXFileReference; lastKnownFileType = sourcecode.swift; path = ExchangeViewModel.swift; sourceTree = "<group>"; };
		18523F88269CE7DB00611362 /* TabBarViewController.swift */ = {isa = PBXFileReference; lastKnownFileType = sourcecode.swift; path = TabBarViewController.swift; sourceTree = "<group>"; };
		18523F8F269CEAA000611362 /* ShopViewController.swift */ = {isa = PBXFileReference; lastKnownFileType = sourcecode.swift; path = ShopViewController.swift; sourceTree = "<group>"; };
		18523F91269CEB4E00611362 /* Shop.storyboard */ = {isa = PBXFileReference; lastKnownFileType = file.storyboard; path = Shop.storyboard; sourceTree = "<group>"; };
		18523F93269CED1100611362 /* TabBar.storyboard */ = {isa = PBXFileReference; lastKnownFileType = file.storyboard; path = TabBar.storyboard; sourceTree = "<group>"; };
		18B84262266E27A40033AFC0 /* Genies.app */ = {isa = PBXFileReference; explicitFileType = wrapper.application; includeInIndex = 0; path = Genies.app; sourceTree = BUILT_PRODUCTS_DIR; };
		18B84265266E27A40033AFC0 /* AppDelegate.swift */ = {isa = PBXFileReference; lastKnownFileType = sourcecode.swift; path = AppDelegate.swift; sourceTree = "<group>"; };
		18B84269266E27A40033AFC0 /* SignUpViewController.swift */ = {isa = PBXFileReference; lastKnownFileType = sourcecode.swift; path = SignUpViewController.swift; sourceTree = "<group>"; };
		18B8426C266E27A40033AFC0 /* Base */ = {isa = PBXFileReference; lastKnownFileType = file.storyboard; name = Base; path = Base.lproj/Authorization.storyboard; sourceTree = "<group>"; };
		18B8426E266E27A50033AFC0 /* Assets.xcassets */ = {isa = PBXFileReference; lastKnownFileType = folder.assetcatalog; path = Assets.xcassets; sourceTree = "<group>"; };
		18B84271266E27A50033AFC0 /* Base */ = {isa = PBXFileReference; lastKnownFileType = file.storyboard; name = Base; path = Base.lproj/LaunchScreen.storyboard; sourceTree = "<group>"; };
		18B84273266E27A50033AFC0 /* Info.plist */ = {isa = PBXFileReference; lastKnownFileType = text.plist.xml; path = Info.plist; sourceTree = "<group>"; };
		18B8428D266F648F0033AFC0 /* Avatar.storyboard */ = {isa = PBXFileReference; lastKnownFileType = file.storyboard; path = Avatar.storyboard; sourceTree = "<group>"; };
		18B8428F266F64A30033AFC0 /* AvatarViewController.swift */ = {isa = PBXFileReference; lastKnownFileType = sourcecode.swift; path = AvatarViewController.swift; sourceTree = "<group>"; };
		18D3FEC8268FAE390030929D /* Extensions.swift */ = {isa = PBXFileReference; lastKnownFileType = sourcecode.swift; path = Extensions.swift; sourceTree = "<group>"; };
		18D3FECF2697B8C40030929D /* LoginViewController.swift */ = {isa = PBXFileReference; lastKnownFileType = sourcecode.swift; path = LoginViewController.swift; sourceTree = "<group>"; };
		18D3FED22697C5AF0030929D /* text2.jpg */ = {isa = PBXFileReference; lastKnownFileType = image.jpeg; path = text2.jpg; sourceTree = "<group>"; };
		18D3FED32697C5B00030929D /* text1.jpg */ = {isa = PBXFileReference; lastKnownFileType = image.jpeg; path = text1.jpg; sourceTree = "<group>"; };
		18D3FED42697C5B00030929D /* woman.OBJ */ = {isa = PBXFileReference; fileEncoding = 4; lastKnownFileType = text; path = woman.OBJ; sourceTree = "<group>"; };
		18D3FED52697C5B00030929D /* man1.obj */ = {isa = PBXFileReference; fileEncoding = 4; lastKnownFileType = text; path = man1.obj; sourceTree = "<group>"; };
		23F248C39FCAFFBCD26E99BA /* Pods-Genies.release.xcconfig */ = {isa = PBXFileReference; includeInIndex = 1; lastKnownFileType = text.xcconfig; name = "Pods-Genies.release.xcconfig"; path = "Target Support Files/Pods-Genies/Pods-Genies.release.xcconfig"; sourceTree = "<group>"; };
		661EB53AD28E8B632381DCF3 /* Pods_Genies.framework */ = {isa = PBXFileReference; explicitFileType = wrapper.framework; includeInIndex = 0; path = Pods_Genies.framework; sourceTree = BUILT_PRODUCTS_DIR; };
/* End PBXFileReference section */

/* Begin PBXFrameworksBuildPhase section */
		18B8425F266E27A40033AFC0 /* Frameworks */ = {
			isa = PBXFrameworksBuildPhase;
			buildActionMask = 2147483647;
			files = (
				1B7B67A6D500DFCD6B6C7F8B /* Pods_Genies.framework in Frameworks */,
			);
			runOnlyForDeploymentPostprocessing = 0;
		};
/* End PBXFrameworksBuildPhase section */

/* Begin PBXGroup section */
		181742F32699B5C3002B9FD7 /* Utils */ = {
			isa = PBXGroup;
			children = (
				181742F42699B601002B9FD7 /* HapticHelper.swift */,
				181742F8269B0705002B9FD7 /* ColorHelper.swift */,
			);
			path = Utils;
			sourceTree = "<group>";
		};
		182342B8269DFB8800CD2907 /* DropShop */ = {
			isa = PBXGroup;
			children = (
				182342BD269DFC1200CD2907 /* ViewModel */,
				182342BC269DFC0E00CD2907 /* View */,
			);
			path = DropShop;
			sourceTree = "<group>";
		};
		182342B9269DFB9000CD2907 /* Exchange */ = {
			isa = PBXGroup;
			children = (
				182342BB269DFC0700CD2907 /* ViewModel */,
				182342BA269DFC0100CD2907 /* View */,
			);
			path = Exchange;
			sourceTree = "<group>";
		};
		182342BA269DFC0100CD2907 /* View */ = {
			isa = PBXGroup;
			children = (
				182342BE269DFC5500CD2907 /* ExchangeViewController.swift */,
				182342BF269DFC5500CD2907 /* ExchangeViewController.xib */,
				182342D926A1E67F00CD2907 /* NftExchangeViewCell.swift */,
				182342DA26A1E67F00CD2907 /* NftExchangeViewCell.xib */,
			);
			path = View;
			sourceTree = "<group>";
		};
		182342BB269DFC0700CD2907 /* ViewModel */ = {
			isa = PBXGroup;
			children = (
				182342DD26A1EA8E00CD2907 /* NftCellViewModel.swift */,
				182342DF26A1EB9100CD2907 /* ExchangeViewModel.swift */,
			);
			path = ViewModel;
			sourceTree = "<group>";
		};
		182342BC269DFC0E00CD2907 /* View */ = {
			isa = PBXGroup;
			children = (
				182342C8269E410D00CD2907 /* ClothesViewCell.xib */,
				182342C2269DFC6300CD2907 /* DropShopViewController.swift */,
				182342C3269DFC6300CD2907 /* DropShopViewController.xib */,
				182342CD269E469700CD2907 /* ClothesViewCell.swift */,
			);
			path = View;
			sourceTree = "<group>";
		};
		182342BD269DFC1200CD2907 /* ViewModel */ = {
			isa = PBXGroup;
			children = (
				182342CB269E41F300CD2907 /* DropShopViewModel.swift */,
				182342CF269E485200CD2907 /* ClothesViewModel.swift */,
			);
			path = ViewModel;
			sourceTree = "<group>";
		};
		182342D526A081DB00CD2907 /* CustomViews */ = {
			isa = PBXGroup;
			children = (
				182342D626A081EF00CD2907 /* UICustomView.swift */,
			);
			path = CustomViews;
			sourceTree = "<group>";
		};
		182342E126A2307D00CD2907 /* Common */ = {
			isa = PBXGroup;
			children = (
				182342D126A0493600CD2907 /* DetailNftViewController.swift */,
				182342D226A0493600CD2907 /* DetailNftViewController.xib */,
				18523F8F269CEAA000611362 /* ShopViewController.swift */,
				18523F91269CEB4E00611362 /* Shop.storyboard */,
			);
			path = Common;
			sourceTree = "<group>";
		};
		18523F8A269CE95300611362 /* TabBar */ = {
			isa = PBXGroup;
			children = (
				18523F8C269CE96400611362 /* View */,
			);
			path = TabBar;
			sourceTree = "<group>";
		};
		18523F8C269CE96400611362 /* View */ = {
			isa = PBXGroup;
			children = (
				18523F88269CE7DB00611362 /* TabBarViewController.swift */,
				18523F93269CED1100611362 /* TabBar.storyboard */,
			);
			path = View;
			sourceTree = "<group>";
		};
		18523F8D269CEA0500611362 /* Shop */ = {
			isa = PBXGroup;
			children = (
				182342E126A2307D00CD2907 /* Common */,
				182342B9269DFB9000CD2907 /* Exchange */,
				182342B8269DFB8800CD2907 /* DropShop */,
			);
			path = Shop;
			sourceTree = "<group>";
		};
		18B84259266E27A40033AFC0 = {
			isa = PBXGroup;
			children = (
				18B84264266E27A40033AFC0 /* Genies */,
				18B84263266E27A40033AFC0 /* Products */,
				60C56D7339B681B0264C7CF2 /* Pods */,
				4119338D394F328773616786 /* Frameworks */,
			);
			sourceTree = "<group>";
		};
		18B84263266E27A40033AFC0 /* Products */ = {
			isa = PBXGroup;
			children = (
				18B84262266E27A40033AFC0 /* Genies.app */,
			);
			name = Products;
			sourceTree = "<group>";
		};
		18B84264266E27A40033AFC0 /* Genies */ = {
			isa = PBXGroup;
			children = (
				18B8427E266F61180033AFC0 /* Resourses */,
				18B8427D266F61030033AFC0 /* Data */,
				18B8427C266F60FD0033AFC0 /* Domain */,
				18B8427B266F60B30033AFC0 /* Presentation */,
				18B84265266E27A40033AFC0 /* AppDelegate.swift */,
				18B84273266E27A50033AFC0 /* Info.plist */,
			);
			path = Genies;
			sourceTree = "<group>";
		};
		18B8427B266F60B30033AFC0 /* Presentation */ = {
			isa = PBXGroup;
			children = (
				18D3FEC6268FADE50030929D /* Common */,
				18B84283266F632C0033AFC0 /* Modules */,
			);
			path = Presentation;
			sourceTree = "<group>";
		};
		18B8427C266F60FD0033AFC0 /* Domain */ = {
			isa = PBXGroup;
			children = (
				18B84282266F62090033AFC0 /* Entities */,
				18B8427F266F618F0033AFC0 /* UseCases */,
			);
			path = Domain;
			sourceTree = "<group>";
		};
		18B8427D266F61030033AFC0 /* Data */ = {
			isa = PBXGroup;
			children = (
				18B84281266F61F90033AFC0 /* Repositories */,
				18B84280266F61DF0033AFC0 /* Storage */,
			);
			path = Data;
			sourceTree = "<group>";
		};
		18B8427E266F61180033AFC0 /* Resourses */ = {
			isa = PBXGroup;
			children = (
				18B8426E266E27A50033AFC0 /* Assets.xcassets */,
			);
			path = Resourses;
			sourceTree = "<group>";
		};
		18B8427F266F618F0033AFC0 /* UseCases */ = {
			isa = PBXGroup;
			children = (
			);
			path = UseCases;
			sourceTree = "<group>";
		};
		18B84280266F61DF0033AFC0 /* Storage */ = {
			isa = PBXGroup;
			children = (
			);
			path = Storage;
			sourceTree = "<group>";
		};
		18B84281266F61F90033AFC0 /* Repositories */ = {
			isa = PBXGroup;
			children = (
			);
			path = Repositories;
			sourceTree = "<group>";
		};
		18B84282266F62090033AFC0 /* Entities */ = {
			isa = PBXGroup;
			children = (
			);
			path = Entities;
			sourceTree = "<group>";
		};
		18B84283266F632C0033AFC0 /* Modules */ = {
			isa = PBXGroup;
			children = (
				18523F8D269CEA0500611362 /* Shop */,
				18523F8A269CE95300611362 /* TabBar */,
				18B8428B266F63FB0033AFC0 /* Launch */,
				18B84288266F63920033AFC0 /* Authorization */,
				18B84284266F633C0033AFC0 /* Avatar */,
			);
			path = Modules;
			sourceTree = "<group>";
		};
		18B84284266F633C0033AFC0 /* Avatar */ = {
			isa = PBXGroup;
			children = (
				18D3FED52697C5B00030929D /* man1.obj */,
				18D3FED32697C5B00030929D /* text1.jpg */,
				18D3FED22697C5AF0030929D /* text2.jpg */,
				18D3FED42697C5B00030929D /* woman.OBJ */,
				18B84287266F63620033AFC0 /* ViewModel */,
				18B84285266F63500033AFC0 /* View */,
			);
			path = Avatar;
			sourceTree = "<group>";
		};
		18B84285266F63500033AFC0 /* View */ = {
			isa = PBXGroup;
			children = (
				18B8428D266F648F0033AFC0 /* Avatar.storyboard */,
				18B8428F266F64A30033AFC0 /* AvatarViewController.swift */,
			);
			path = View;
			sourceTree = "<group>";
		};
		18B84287266F63620033AFC0 /* ViewModel */ = {
			isa = PBXGroup;
			children = (
			);
			path = ViewModel;
			sourceTree = "<group>";
		};
		18B84288266F63920033AFC0 /* Authorization */ = {
			isa = PBXGroup;
			children = (
				18B8428A266F63A00033AFC0 /* ViewModel */,
				18B84289266F639D0033AFC0 /* View */,
			);
			path = Authorization;
			sourceTree = "<group>";
		};
		18B84289266F639D0033AFC0 /* View */ = {
			isa = PBXGroup;
			children = (
				18B84269266E27A40033AFC0 /* SignUpViewController.swift */,
				18B8426B266E27A40033AFC0 /* Authorization.storyboard */,
				18D3FECF2697B8C40030929D /* LoginViewController.swift */,
				181742EB2698636B002B9FD7 /* PersonalDataViewController.swift */,
				181742EC2698636B002B9FD7 /* PersonalDataViewController.xib */,
				181742F62699B7E7002B9FD7 /* AuthViewController.swift */,
			);
			path = View;
			sourceTree = "<group>";
		};
		18B8428A266F63A00033AFC0 /* ViewModel */ = {
			isa = PBXGroup;
			children = (
			);
			path = ViewModel;
			sourceTree = "<group>";
		};
		18B8428B266F63FB0033AFC0 /* Launch */ = {
			isa = PBXGroup;
			children = (
				18B8428C266F64140033AFC0 /* View */,
			);
			path = Launch;
			sourceTree = "<group>";
		};
		18B8428C266F64140033AFC0 /* View */ = {
			isa = PBXGroup;
			children = (
				18B84270266E27A50033AFC0 /* LaunchScreen.storyboard */,
			);
			path = View;
			sourceTree = "<group>";
		};
		18D3FEC6268FADE50030929D /* Common */ = {
			isa = PBXGroup;
			children = (
				182342D526A081DB00CD2907 /* CustomViews */,
				181742F32699B5C3002B9FD7 /* Utils */,
				18D3FEC7268FAE270030929D /* Extensions */,
			);
			path = Common;
			sourceTree = "<group>";
		};
		18D3FEC7268FAE270030929D /* Extensions */ = {
			isa = PBXGroup;
			children = (
				18D3FEC8268FAE390030929D /* Extensions.swift */,
			);
			path = Extensions;
			sourceTree = "<group>";
		};
		4119338D394F328773616786 /* Frameworks */ = {
			isa = PBXGroup;
			children = (
				661EB53AD28E8B632381DCF3 /* Pods_Genies.framework */,
			);
			name = Frameworks;
			sourceTree = "<group>";
		};
		60C56D7339B681B0264C7CF2 /* Pods */ = {
			isa = PBXGroup;
			children = (
				058902B29A06F5DBEEF6791B /* Pods-Genies.debug.xcconfig */,
				23F248C39FCAFFBCD26E99BA /* Pods-Genies.release.xcconfig */,
			);
			path = Pods;
			sourceTree = "<group>";
		};
/* End PBXGroup section */

/* Begin PBXNativeTarget section */
		18B84261266E27A40033AFC0 /* Genies */ = {
			isa = PBXNativeTarget;
			buildConfigurationList = 18B84276266E27A50033AFC0 /* Build configuration list for PBXNativeTarget "Genies" */;
			buildPhases = (
				4907A56643E5C463A49C8C43 /* [CP] Check Pods Manifest.lock */,
				18B8425E266E27A40033AFC0 /* Sources */,
				18B8425F266E27A40033AFC0 /* Frameworks */,
				18B84260266E27A40033AFC0 /* Resources */,
				06BABF5564D5C0F2300D1D02 /* [CP] Embed Pods Frameworks */,
			);
			buildRules = (
			);
			dependencies = (
			);
			name = Genies;
			productName = Genies;
			productReference = 18B84262266E27A40033AFC0 /* Genies.app */;
			productType = "com.apple.product-type.application";
		};
/* End PBXNativeTarget section */

/* Begin PBXProject section */
		18B8425A266E27A40033AFC0 /* Project object */ = {
			isa = PBXProject;
			attributes = {
				LastSwiftUpdateCheck = 1250;
				LastUpgradeCheck = 1250;
				TargetAttributes = {
					18B84261266E27A40033AFC0 = {
						CreatedOnToolsVersion = 12.5;
						LastSwiftMigration = 1250;
					};
				};
			};
			buildConfigurationList = 18B8425D266E27A40033AFC0 /* Build configuration list for PBXProject "Genies" */;
			compatibilityVersion = "Xcode 9.3";
			developmentRegion = en;
			hasScannedForEncodings = 0;
			knownRegions = (
				en,
				Base,
			);
			mainGroup = 18B84259266E27A40033AFC0;
			productRefGroup = 18B84263266E27A40033AFC0 /* Products */;
			projectDirPath = "";
			projectRoot = "";
			targets = (
				18B84261266E27A40033AFC0 /* Genies */,
			);
		};
/* End PBXProject section */

/* Begin PBXResourcesBuildPhase section */
		18B84260266E27A40033AFC0 /* Resources */ = {
			isa = PBXResourcesBuildPhase;
			buildActionMask = 2147483647;
			files = (
				18D3FEDA2697C5B00030929D /* man1.obj in Resources */,
				18523F94269CED1100611362 /* TabBar.storyboard in Resources */,
				18B84272266E27A50033AFC0 /* LaunchScreen.storyboard in Resources */,
				182342C1269DFC5500CD2907 /* ExchangeViewController.xib in Resources */,
				181742EE2698636B002B9FD7 /* PersonalDataViewController.xib in Resources */,
				18D3FED82697C5B00030929D /* text1.jpg in Resources */,
				18B8426F266E27A50033AFC0 /* Assets.xcassets in Resources */,
				18D3FED92697C5B00030929D /* woman.OBJ in Resources */,
				18523F92269CEB4E00611362 /* Shop.storyboard in Resources */,
				18B8426D266E27A40033AFC0 /* Authorization.storyboard in Resources */,
				18B8428E266F648F0033AFC0 /* Avatar.storyboard in Resources */,
				182342CA269E410D00CD2907 /* ClothesViewCell.xib in Resources */,
				182342D426A0493600CD2907 /* DetailNftViewController.xib in Resources */,
				182342C5269DFC6300CD2907 /* DropShopViewController.xib in Resources */,
				182342DC26A1E67F00CD2907 /* NftExchangeViewCell.xib in Resources */,
				18D3FED72697C5B00030929D /* text2.jpg in Resources */,
			);
			runOnlyForDeploymentPostprocessing = 0;
		};
/* End PBXResourcesBuildPhase section */

/* Begin PBXShellScriptBuildPhase section */
		06BABF5564D5C0F2300D1D02 /* [CP] Embed Pods Frameworks */ = {
			isa = PBXShellScriptBuildPhase;
			buildActionMask = 2147483647;
			files = (
			);
			inputFileListPaths = (
				"${PODS_ROOT}/Target Support Files/Pods-Genies/Pods-Genies-frameworks-${CONFIGURATION}-input-files.xcfilelist",
			);
			name = "[CP] Embed Pods Frameworks";
			outputFileListPaths = (
				"${PODS_ROOT}/Target Support Files/Pods-Genies/Pods-Genies-frameworks-${CONFIGURATION}-output-files.xcfilelist",
			);
			runOnlyForDeploymentPostprocessing = 0;
			shellPath = /bin/sh;
			shellScript = "\"${PODS_ROOT}/Target Support Files/Pods-Genies/Pods-Genies-frameworks.sh\"\n";
			showEnvVarsInLog = 0;
		};
		4907A56643E5C463A49C8C43 /* [CP] Check Pods Manifest.lock */ = {
			isa = PBXShellScriptBuildPhase;
			buildActionMask = 2147483647;
			files = (
			);
			inputFileListPaths = (
			);
			inputPaths = (
				"${PODS_PODFILE_DIR_PATH}/Podfile.lock",
				"${PODS_ROOT}/Manifest.lock",
			);
			name = "[CP] Check Pods Manifest.lock";
			outputFileListPaths = (
			);
			outputPaths = (
				"$(DERIVED_FILE_DIR)/Pods-Genies-checkManifestLockResult.txt",
			);
			runOnlyForDeploymentPostprocessing = 0;
			shellPath = /bin/sh;
			shellScript = "diff \"${PODS_PODFILE_DIR_PATH}/Podfile.lock\" \"${PODS_ROOT}/Manifest.lock\" > /dev/null\nif [ $? != 0 ] ; then\n    # print error to STDERR\n    echo \"error: The sandbox is not in sync with the Podfile.lock. Run 'pod install' or update your CocoaPods installation.\" >&2\n    exit 1\nfi\n# This output is used by Xcode 'outputs' to avoid re-running this script phase.\necho \"SUCCESS\" > \"${SCRIPT_OUTPUT_FILE_0}\"\n";
			showEnvVarsInLog = 0;
		};
/* End PBXShellScriptBuildPhase section */

/* Begin PBXSourcesBuildPhase section */
		18B8425E266E27A40033AFC0 /* Sources */ = {
			isa = PBXSourcesBuildPhase;
			buildActionMask = 2147483647;
			files = (
				182342DE26A1EA8E00CD2907 /* NftCellViewModel.swift in Sources */,
				182342E026A1EB9100CD2907 /* ExchangeViewModel.swift in Sources */,
				18D3FEC9268FAE390030929D /* Extensions.swift in Sources */,
				18B8426A266E27A40033AFC0 /* SignUpViewController.swift in Sources */,
				182342DB26A1E67F00CD2907 /* NftExchangeViewCell.swift in Sources */,
				182342CC269E41F300CD2907 /* DropShopViewModel.swift in Sources */,
				18523F90269CEAA000611362 /* ShopViewController.swift in Sources */,
				182342D326A0493600CD2907 /* DetailNftViewController.swift in Sources */,
				181742ED2698636B002B9FD7 /* PersonalDataViewController.swift in Sources */,
				18523F89269CE7DB00611362 /* TabBarViewController.swift in Sources */,
				181742F52699B601002B9FD7 /* HapticHelper.swift in Sources */,
				182342C0269DFC5500CD2907 /* ExchangeViewController.swift in Sources */,
				182342D726A081EF00CD2907 /* UICustomView.swift in Sources */,
				181742F9269B0705002B9FD7 /* ColorHelper.swift in Sources */,
				182342C4269DFC6300CD2907 /* DropShopViewController.swift in Sources */,
				182342CE269E469700CD2907 /* ClothesViewCell.swift in Sources */,
				181742F72699B7E7002B9FD7 /* AuthViewController.swift in Sources */,
				18B84266266E27A40033AFC0 /* AppDelegate.swift in Sources */,
				18D3FED02697B8C40030929D /* LoginViewController.swift in Sources */,
				18B84290266F64A30033AFC0 /* AvatarViewController.swift in Sources */,
				182342D0269E485200CD2907 /* ClothesViewModel.swift in Sources */,
			);
			runOnlyForDeploymentPostprocessing = 0;
		};
/* End PBXSourcesBuildPhase section */

/* Begin PBXVariantGroup section */
		18B8426B266E27A40033AFC0 /* Authorization.storyboard */ = {
			isa = PBXVariantGroup;
			children = (
				18B8426C266E27A40033AFC0 /* Base */,
			);
			name = Authorization.storyboard;
			sourceTree = "<group>";
		};
		18B84270266E27A50033AFC0 /* LaunchScreen.storyboard */ = {
			isa = PBXVariantGroup;
			children = (
				18B84271266E27A50033AFC0 /* Base */,
			);
			name = LaunchScreen.storyboard;
			sourceTree = "<group>";
		};
/* End PBXVariantGroup section */

/* Begin XCBuildConfiguration section */
		18B84274266E27A50033AFC0 /* Debug */ = {
			isa = XCBuildConfiguration;
			buildSettings = {
				ALWAYS_SEARCH_USER_PATHS = NO;
				CLANG_ANALYZER_NONNULL = YES;
				CLANG_ANALYZER_NUMBER_OBJECT_CONVERSION = YES_AGGRESSIVE;
				CLANG_CXX_LANGUAGE_STANDARD = "gnu++14";
				CLANG_CXX_LIBRARY = "libc++";
				CLANG_ENABLE_MODULES = YES;
				CLANG_ENABLE_OBJC_ARC = YES;
				CLANG_ENABLE_OBJC_WEAK = YES;
				CLANG_WARN_BLOCK_CAPTURE_AUTORELEASING = YES;
				CLANG_WARN_BOOL_CONVERSION = YES;
				CLANG_WARN_COMMA = YES;
				CLANG_WARN_CONSTANT_CONVERSION = YES;
				CLANG_WARN_DEPRECATED_OBJC_IMPLEMENTATIONS = YES;
				CLANG_WARN_DIRECT_OBJC_ISA_USAGE = YES_ERROR;
				CLANG_WARN_DOCUMENTATION_COMMENTS = YES;
				CLANG_WARN_EMPTY_BODY = YES;
				CLANG_WARN_ENUM_CONVERSION = YES;
				CLANG_WARN_INFINITE_RECURSION = YES;
				CLANG_WARN_INT_CONVERSION = YES;
				CLANG_WARN_NON_LITERAL_NULL_CONVERSION = YES;
				CLANG_WARN_OBJC_IMPLICIT_RETAIN_SELF = YES;
				CLANG_WARN_OBJC_LITERAL_CONVERSION = YES;
				CLANG_WARN_OBJC_ROOT_CLASS = YES_ERROR;
				CLANG_WARN_QUOTED_INCLUDE_IN_FRAMEWORK_HEADER = YES;
				CLANG_WARN_RANGE_LOOP_ANALYSIS = YES;
				CLANG_WARN_STRICT_PROTOTYPES = YES;
				CLANG_WARN_SUSPICIOUS_MOVE = YES;
				CLANG_WARN_UNGUARDED_AVAILABILITY = YES_AGGRESSIVE;
				CLANG_WARN_UNREACHABLE_CODE = YES;
				CLANG_WARN__DUPLICATE_METHOD_MATCH = YES;
				COPY_PHASE_STRIP = NO;
				DEBUG_INFORMATION_FORMAT = dwarf;
				ENABLE_STRICT_OBJC_MSGSEND = YES;
				ENABLE_TESTABILITY = YES;
				GCC_C_LANGUAGE_STANDARD = gnu11;
				GCC_DYNAMIC_NO_PIC = NO;
				GCC_NO_COMMON_BLOCKS = YES;
				GCC_OPTIMIZATION_LEVEL = 0;
				GCC_PREPROCESSOR_DEFINITIONS = (
					"DEBUG=1",
					"$(inherited)",
				);
				GCC_WARN_64_TO_32_BIT_CONVERSION = YES;
				GCC_WARN_ABOUT_RETURN_TYPE = YES_ERROR;
				GCC_WARN_UNDECLARED_SELECTOR = YES;
				GCC_WARN_UNINITIALIZED_AUTOS = YES_AGGRESSIVE;
				GCC_WARN_UNUSED_FUNCTION = YES;
				GCC_WARN_UNUSED_VARIABLE = YES;
				IPHONEOS_DEPLOYMENT_TARGET = 12.1;
				MTL_ENABLE_DEBUG_INFO = INCLUDE_SOURCE;
				MTL_FAST_MATH = YES;
				ONLY_ACTIVE_ARCH = YES;
				SDKROOT = iphoneos;
				SWIFT_ACTIVE_COMPILATION_CONDITIONS = DEBUG;
				SWIFT_OPTIMIZATION_LEVEL = "-Onone";
			};
			name = Debug;
		};
		18B84275266E27A50033AFC0 /* Release */ = {
			isa = XCBuildConfiguration;
			buildSettings = {
				ALWAYS_SEARCH_USER_PATHS = NO;
				CLANG_ANALYZER_NONNULL = YES;
				CLANG_ANALYZER_NUMBER_OBJECT_CONVERSION = YES_AGGRESSIVE;
				CLANG_CXX_LANGUAGE_STANDARD = "gnu++14";
				CLANG_CXX_LIBRARY = "libc++";
				CLANG_ENABLE_MODULES = YES;
				CLANG_ENABLE_OBJC_ARC = YES;
				CLANG_ENABLE_OBJC_WEAK = YES;
				CLANG_WARN_BLOCK_CAPTURE_AUTORELEASING = YES;
				CLANG_WARN_BOOL_CONVERSION = YES;
				CLANG_WARN_COMMA = YES;
				CLANG_WARN_CONSTANT_CONVERSION = YES;
				CLANG_WARN_DEPRECATED_OBJC_IMPLEMENTATIONS = YES;
				CLANG_WARN_DIRECT_OBJC_ISA_USAGE = YES_ERROR;
				CLANG_WARN_DOCUMENTATION_COMMENTS = YES;
				CLANG_WARN_EMPTY_BODY = YES;
				CLANG_WARN_ENUM_CONVERSION = YES;
				CLANG_WARN_INFINITE_RECURSION = YES;
				CLANG_WARN_INT_CONVERSION = YES;
				CLANG_WARN_NON_LITERAL_NULL_CONVERSION = YES;
				CLANG_WARN_OBJC_IMPLICIT_RETAIN_SELF = YES;
				CLANG_WARN_OBJC_LITERAL_CONVERSION = YES;
				CLANG_WARN_OBJC_ROOT_CLASS = YES_ERROR;
				CLANG_WARN_QUOTED_INCLUDE_IN_FRAMEWORK_HEADER = YES;
				CLANG_WARN_RANGE_LOOP_ANALYSIS = YES;
				CLANG_WARN_STRICT_PROTOTYPES = YES;
				CLANG_WARN_SUSPICIOUS_MOVE = YES;
				CLANG_WARN_UNGUARDED_AVAILABILITY = YES_AGGRESSIVE;
				CLANG_WARN_UNREACHABLE_CODE = YES;
				CLANG_WARN__DUPLICATE_METHOD_MATCH = YES;
				COPY_PHASE_STRIP = NO;
				DEBUG_INFORMATION_FORMAT = "dwarf-with-dsym";
				ENABLE_NS_ASSERTIONS = NO;
				ENABLE_STRICT_OBJC_MSGSEND = YES;
				GCC_C_LANGUAGE_STANDARD = gnu11;
				GCC_NO_COMMON_BLOCKS = YES;
				GCC_WARN_64_TO_32_BIT_CONVERSION = YES;
				GCC_WARN_ABOUT_RETURN_TYPE = YES_ERROR;
				GCC_WARN_UNDECLARED_SELECTOR = YES;
				GCC_WARN_UNINITIALIZED_AUTOS = YES_AGGRESSIVE;
				GCC_WARN_UNUSED_FUNCTION = YES;
				GCC_WARN_UNUSED_VARIABLE = YES;
				IPHONEOS_DEPLOYMENT_TARGET = 12.1;
				MTL_ENABLE_DEBUG_INFO = NO;
				MTL_FAST_MATH = YES;
				SDKROOT = iphoneos;
				SWIFT_COMPILATION_MODE = wholemodule;
				SWIFT_OPTIMIZATION_LEVEL = "-O";
				VALIDATE_PRODUCT = YES;
			};
			name = Release;
		};
		18B84277266E27A50033AFC0 /* Debug */ = {
			isa = XCBuildConfiguration;
			baseConfigurationReference = 058902B29A06F5DBEEF6791B /* Pods-Genies.debug.xcconfig */;
			buildSettings = {
				ASSETCATALOG_COMPILER_APPICON_NAME = AppIcon;
				ASSETCATALOG_COMPILER_GLOBAL_ACCENT_COLOR_NAME = AccentColor;
				CLANG_ENABLE_MODULES = YES;
				CODE_SIGN_STYLE = Automatic;
				DEVELOPMENT_TEAM = RS4VTLD734;
				INFOPLIST_FILE = Genies/Info.plist;
				IPHONEOS_DEPLOYMENT_TARGET = 12.1;
				LD_RUNPATH_SEARCH_PATHS = (
					"$(inherited)",
					"@executable_path/Frameworks",
				);
				PRODUCT_BUNDLE_IDENTIFIER = com.vikzelikov.Genies;
				PRODUCT_NAME = "$(TARGET_NAME)";
				SWIFT_OPTIMIZATION_LEVEL = "-Onone";
				SWIFT_VERSION = 5.0;
				TARGETED_DEVICE_FAMILY = "1,2";
			};
			name = Debug;
		};
		18B84278266E27A50033AFC0 /* Release */ = {
			isa = XCBuildConfiguration;
			baseConfigurationReference = 23F248C39FCAFFBCD26E99BA /* Pods-Genies.release.xcconfig */;
			buildSettings = {
				ASSETCATALOG_COMPILER_APPICON_NAME = AppIcon;
				ASSETCATALOG_COMPILER_GLOBAL_ACCENT_COLOR_NAME = AccentColor;
				CLANG_ENABLE_MODULES = YES;
				CODE_SIGN_STYLE = Automatic;
				DEVELOPMENT_TEAM = RS4VTLD734;
				INFOPLIST_FILE = Genies/Info.plist;
				IPHONEOS_DEPLOYMENT_TARGET = 12.1;
				LD_RUNPATH_SEARCH_PATHS = (
					"$(inherited)",
					"@executable_path/Frameworks",
				);
				PRODUCT_BUNDLE_IDENTIFIER = com.vikzelikov.Genies;
				PRODUCT_NAME = "$(TARGET_NAME)";
				SWIFT_VERSION = 5.0;
				TARGETED_DEVICE_FAMILY = "1,2";
			};
			name = Release;
		};
/* End XCBuildConfiguration section */

/* Begin XCConfigurationList section */
		18B8425D266E27A40033AFC0 /* Build configuration list for PBXProject "Genies" */ = {
			isa = XCConfigurationList;
			buildConfigurations = (
				18B84274266E27A50033AFC0 /* Debug */,
				18B84275266E27A50033AFC0 /* Release */,
			);
			defaultConfigurationIsVisible = 0;
			defaultConfigurationName = Release;
		};
		18B84276266E27A50033AFC0 /* Build configuration list for PBXNativeTarget "Genies" */ = {
			isa = XCConfigurationList;
			buildConfigurations = (
				18B84277266E27A50033AFC0 /* Debug */,
				18B84278266E27A50033AFC0 /* Release */,
			);
			defaultConfigurationIsVisible = 0;
			defaultConfigurationName = Release;
		};
/* End XCConfigurationList section */
	};
	rootObject = 18B8425A266E27A40033AFC0 /* Project object */;
}
